// !$*UTF8*$!
{
	archiveVersion = 1;
	classes = {
	};
	objectVersion = 46;
	objects = {

/* Begin PBXBuildFile section */
		F10D24671EAA661B00648118 /* Device.swift in Sources */ = {isa = PBXBuildFile; fileRef = F10D24661EAA661B00648118 /* Device.swift */; };
		F10D24691EAA661B00648118 /* Device.swift in Sources */ = {isa = PBXBuildFile; fileRef = F10D24661EAA661B00648118 /* Device.swift */; };
		F10D246A1EAA661B00648118 /* Device.swift in Sources */ = {isa = PBXBuildFile; fileRef = F10D24661EAA661B00648118 /* Device.swift */; };
		F10D24721EAA677100648118 /* UIView.swift in Sources */ = {isa = PBXBuildFile; fileRef = F10D246D1EAA677100648118 /* UIView.swift */; };
		F10D24741EAA677100648118 /* UIView.swift in Sources */ = {isa = PBXBuildFile; fileRef = F10D246D1EAA677100648118 /* UIView.swift */; };
		F10D24751EAA677100648118 /* UIViewController.swift in Sources */ = {isa = PBXBuildFile; fileRef = F10D246E1EAA677100648118 /* UIViewController.swift */; };
		F10D24791EAA678800648118 /* UIApplication.swift in Sources */ = {isa = PBXBuildFile; fileRef = F10D24781EAA678800648118 /* UIApplication.swift */; };
		F10D247B1EAA678800648118 /* UIApplication.swift in Sources */ = {isa = PBXBuildFile; fileRef = F10D24781EAA678800648118 /* UIApplication.swift */; };
		F10D247D1EAA694500648118 /* Bundle.swift in Sources */ = {isa = PBXBuildFile; fileRef = F10D247C1EAA694500648118 /* Bundle.swift */; };
		F10D247E1EAA694500648118 /* Bundle.swift in Sources */ = {isa = PBXBuildFile; fileRef = F10D247C1EAA694500648118 /* Bundle.swift */; };
		F10D247F1EAA694500648118 /* Bundle.swift in Sources */ = {isa = PBXBuildFile; fileRef = F10D247C1EAA694500648118 /* Bundle.swift */; };
		F10D24801EAA694500648118 /* Bundle.swift in Sources */ = {isa = PBXBuildFile; fileRef = F10D247C1EAA694500648118 /* Bundle.swift */; };
		F15782461E99A8F300A5ACED /* SceneKit.framework in Frameworks */ = {isa = PBXBuildFile; fileRef = F15782451E99A8F300A5ACED /* SceneKit.framework */; };
		F159244A1E9D8E7E00CF55F9 /* NSApplicationDelegate.swift in Sources */ = {isa = PBXBuildFile; fileRef = F15924491E9D8E7E00CF55F9 /* NSApplicationDelegate.swift */; };
		F159244E1E9D9B8E00CF55F9 /* UIViewController.swift in Sources */ = {isa = PBXBuildFile; fileRef = F159244B1E9D8F7F00CF55F9 /* UIViewController.swift */; };
		F15924881E9DA9BF00CF55F9 /* Dictionary.swift in Sources */ = {isa = PBXBuildFile; fileRef = F15924871E9DA9BF00CF55F9 /* Dictionary.swift */; };
		F15924891E9DA9BF00CF55F9 /* Dictionary.swift in Sources */ = {isa = PBXBuildFile; fileRef = F15924871E9DA9BF00CF55F9 /* Dictionary.swift */; };
		F159248A1E9DA9BF00CF55F9 /* Dictionary.swift in Sources */ = {isa = PBXBuildFile; fileRef = F15924871E9DA9BF00CF55F9 /* Dictionary.swift */; };
		F159248B1E9DA9BF00CF55F9 /* Dictionary.swift in Sources */ = {isa = PBXBuildFile; fileRef = F15924871E9DA9BF00CF55F9 /* Dictionary.swift */; };
		F16583F81E4FA6E800AE78F4 /* Benchmarks.swift in Sources */ = {isa = PBXBuildFile; fileRef = F16583F71E4FA6E800AE78F4 /* Benchmarks.swift */; };
		F16583F91E4FA6E800AE78F4 /* Benchmarks.swift in Sources */ = {isa = PBXBuildFile; fileRef = F16583F71E4FA6E800AE78F4 /* Benchmarks.swift */; };
		F16583FA1E4FA6E800AE78F4 /* Benchmarks.swift in Sources */ = {isa = PBXBuildFile; fileRef = F16583F71E4FA6E800AE78F4 /* Benchmarks.swift */; };
		F16583FB1E4FA6E800AE78F4 /* Benchmarks.swift in Sources */ = {isa = PBXBuildFile; fileRef = F16583F71E4FA6E800AE78F4 /* Benchmarks.swift */; };
		F16583FD1E4FA71D00AE78F4 /* MachSystemClock.swift in Sources */ = {isa = PBXBuildFile; fileRef = F16583FC1E4FA71D00AE78F4 /* MachSystemClock.swift */; };
		F16583FE1E4FA71D00AE78F4 /* MachSystemClock.swift in Sources */ = {isa = PBXBuildFile; fileRef = F16583FC1E4FA71D00AE78F4 /* MachSystemClock.swift */; };
		F16583FF1E4FA71D00AE78F4 /* MachSystemClock.swift in Sources */ = {isa = PBXBuildFile; fileRef = F16583FC1E4FA71D00AE78F4 /* MachSystemClock.swift */; };
		F16584001E4FA71D00AE78F4 /* MachSystemClock.swift in Sources */ = {isa = PBXBuildFile; fileRef = F16583FC1E4FA71D00AE78F4 /* MachSystemClock.swift */; };
		F16584321E539E2900AE78F4 /* SCNTransaction.swift in Sources */ = {isa = PBXBuildFile; fileRef = F16584311E539E2900AE78F4 /* SCNTransaction.swift */; };
		F16584331E539E2900AE78F4 /* SCNTransaction.swift in Sources */ = {isa = PBXBuildFile; fileRef = F16584311E539E2900AE78F4 /* SCNTransaction.swift */; };
		F16584341E539E2900AE78F4 /* SCNTransaction.swift in Sources */ = {isa = PBXBuildFile; fileRef = F16584311E539E2900AE78F4 /* SCNTransaction.swift */; };
		F16584351E539E2900AE78F4 /* SCNTransaction.swift in Sources */ = {isa = PBXBuildFile; fileRef = F16584311E539E2900AE78F4 /* SCNTransaction.swift */; };
		F16584371E539EC200AE78F4 /* SCNNode.swift in Sources */ = {isa = PBXBuildFile; fileRef = F16584361E539EC200AE78F4 /* SCNNode.swift */; };
		F16584381E539EC200AE78F4 /* SCNNode.swift in Sources */ = {isa = PBXBuildFile; fileRef = F16584361E539EC200AE78F4 /* SCNNode.swift */; };
		F16584391E539EC200AE78F4 /* SCNNode.swift in Sources */ = {isa = PBXBuildFile; fileRef = F16584361E539EC200AE78F4 /* SCNNode.swift */; };
		F165843A1E539EC200AE78F4 /* SCNNode.swift in Sources */ = {isa = PBXBuildFile; fileRef = F16584361E539EC200AE78F4 /* SCNNode.swift */; };
		F165843C1E53A05400AE78F4 /* SCNMaterial.swift in Sources */ = {isa = PBXBuildFile; fileRef = F165843B1E53A05400AE78F4 /* SCNMaterial.swift */; };
		F165843D1E53A05400AE78F4 /* SCNMaterial.swift in Sources */ = {isa = PBXBuildFile; fileRef = F165843B1E53A05400AE78F4 /* SCNMaterial.swift */; };
		F165843E1E53A05400AE78F4 /* SCNMaterial.swift in Sources */ = {isa = PBXBuildFile; fileRef = F165843B1E53A05400AE78F4 /* SCNMaterial.swift */; };
		F165843F1E53A05400AE78F4 /* SCNMaterial.swift in Sources */ = {isa = PBXBuildFile; fileRef = F165843B1E53A05400AE78F4 /* SCNMaterial.swift */; };
		F16584411E53A22A00AE78F4 /* Counter.swift in Sources */ = {isa = PBXBuildFile; fileRef = F16584401E53A22A00AE78F4 /* Counter.swift */; };
		F16584421E53A22A00AE78F4 /* Counter.swift in Sources */ = {isa = PBXBuildFile; fileRef = F16584401E53A22A00AE78F4 /* Counter.swift */; };
		F16584431E53A22A00AE78F4 /* Counter.swift in Sources */ = {isa = PBXBuildFile; fileRef = F16584401E53A22A00AE78F4 /* Counter.swift */; };
		F16584441E53A22A00AE78F4 /* Counter.swift in Sources */ = {isa = PBXBuildFile; fileRef = F16584401E53A22A00AE78F4 /* Counter.swift */; };
		F16584461E53A9FC00AE78F4 /* SCNPhysicsContact.swift in Sources */ = {isa = PBXBuildFile; fileRef = F16584451E53A9FC00AE78F4 /* SCNPhysicsContact.swift */; };
		F16584471E53A9FC00AE78F4 /* SCNPhysicsContact.swift in Sources */ = {isa = PBXBuildFile; fileRef = F16584451E53A9FC00AE78F4 /* SCNPhysicsContact.swift */; };
		F16584481E53A9FC00AE78F4 /* SCNPhysicsContact.swift in Sources */ = {isa = PBXBuildFile; fileRef = F16584451E53A9FC00AE78F4 /* SCNPhysicsContact.swift */; };
		F16584491E53A9FC00AE78F4 /* SCNPhysicsContact.swift in Sources */ = {isa = PBXBuildFile; fileRef = F16584451E53A9FC00AE78F4 /* SCNPhysicsContact.swift */; };
		F165844B1E53AB0600AE78F4 /* SKNode.swift in Sources */ = {isa = PBXBuildFile; fileRef = F165844A1E53AB0600AE78F4 /* SKNode.swift */; };
		F165844C1E53AB0600AE78F4 /* SKNode.swift in Sources */ = {isa = PBXBuildFile; fileRef = F165844A1E53AB0600AE78F4 /* SKNode.swift */; };
		F165844D1E53AB0600AE78F4 /* SKNode.swift in Sources */ = {isa = PBXBuildFile; fileRef = F165844A1E53AB0600AE78F4 /* SKNode.swift */; };
		F165844E1E53AB0600AE78F4 /* SKNode.swift in Sources */ = {isa = PBXBuildFile; fileRef = F165844A1E53AB0600AE78F4 /* SKNode.swift */; };
		F16584501E53ABCB00AE78F4 /* CATransform3D.swift in Sources */ = {isa = PBXBuildFile; fileRef = F165844F1E53ABCB00AE78F4 /* CATransform3D.swift */; };
		F16584521E53ABCB00AE78F4 /* CATransform3D.swift in Sources */ = {isa = PBXBuildFile; fileRef = F165844F1E53ABCB00AE78F4 /* CATransform3D.swift */; };
		F16584531E53ABCB00AE78F4 /* CATransform3D.swift in Sources */ = {isa = PBXBuildFile; fileRef = F165844F1E53ABCB00AE78F4 /* CATransform3D.swift */; };
		F16584551E53AC8500AE78F4 /* SCNVector.swift in Sources */ = {isa = PBXBuildFile; fileRef = F16584541E53AC8500AE78F4 /* SCNVector.swift */; };
		F16584561E53AC8500AE78F4 /* SCNVector.swift in Sources */ = {isa = PBXBuildFile; fileRef = F16584541E53AC8500AE78F4 /* SCNVector.swift */; };
		F16584571E53AC8500AE78F4 /* SCNVector.swift in Sources */ = {isa = PBXBuildFile; fileRef = F16584541E53AC8500AE78F4 /* SCNVector.swift */; };
		F16584581E53AC8500AE78F4 /* SCNVector.swift in Sources */ = {isa = PBXBuildFile; fileRef = F16584541E53AC8500AE78F4 /* SCNVector.swift */; };
		F165845B1E53ACEB00AE78F4 /* SceneKit_iOS.swift in Sources */ = {isa = PBXBuildFile; fileRef = F16584591E53ACEB00AE78F4 /* SceneKit_iOS.swift */; };
		F165845C1E53ACEB00AE78F4 /* SceneKit_iOS.swift in Sources */ = {isa = PBXBuildFile; fileRef = F16584591E53ACEB00AE78F4 /* SceneKit_iOS.swift */; };
		F165845D1E53ACEB00AE78F4 /* SceneKit_iOS.swift in Sources */ = {isa = PBXBuildFile; fileRef = F16584591E53ACEB00AE78F4 /* SceneKit_iOS.swift */; };
		F16584621E53ACEB00AE78F4 /* SceneKit_macOS.swift in Sources */ = {isa = PBXBuildFile; fileRef = F165845A1E53ACEB00AE78F4 /* SceneKit_macOS.swift */; };
		F16DCBDF1E3A7A240090591F /* AspirinKit.h in Headers */ = {isa = PBXBuildFile; fileRef = F16DCBDE1E3A7A240090591F /* AspirinKit.h */; settings = {ATTRIBUTES = (Public, ); }; };
		F16DCBE01E3A7A240090591F /* AspirinKit.h in Headers */ = {isa = PBXBuildFile; fileRef = F16DCBDE1E3A7A240090591F /* AspirinKit.h */; settings = {ATTRIBUTES = (Public, ); }; };
		F16DCBE11E3A7A240090591F /* AspirinKit.h in Headers */ = {isa = PBXBuildFile; fileRef = F16DCBDE1E3A7A240090591F /* AspirinKit.h */; settings = {ATTRIBUTES = (Public, ); }; };
		F16DCBE21E3A7A240090591F /* AspirinKit.h in Headers */ = {isa = PBXBuildFile; fileRef = F16DCBDE1E3A7A240090591F /* AspirinKit.h */; settings = {ATTRIBUTES = (Public, ); }; };
		F16DCBF01E3A7B450090591F /* CGTypes.swift in Sources */ = {isa = PBXBuildFile; fileRef = F16DCBEF1E3A7B450090591F /* CGTypes.swift */; };
		F16DCBF11E3A7B450090591F /* CGTypes.swift in Sources */ = {isa = PBXBuildFile; fileRef = F16DCBEF1E3A7B450090591F /* CGTypes.swift */; };
		F16DCBF21E3A7B450090591F /* CGTypes.swift in Sources */ = {isa = PBXBuildFile; fileRef = F16DCBEF1E3A7B450090591F /* CGTypes.swift */; };
		F16DCBF31E3A7B450090591F /* CGTypes.swift in Sources */ = {isa = PBXBuildFile; fileRef = F16DCBEF1E3A7B450090591F /* CGTypes.swift */; };
		F16DCBF71E3A7BD40090591F /* NSLayoutConstraint.swift in Sources */ = {isa = PBXBuildFile; fileRef = F16DCBF41E3A7BD40090591F /* NSLayoutConstraint.swift */; };
		F16DCC001E3A7ED70090591F /* AspirinKit_iOS_Tests.swift in Sources */ = {isa = PBXBuildFile; fileRef = F16DCBFF1E3A7ED70090591F /* AspirinKit_iOS_Tests.swift */; };
		F16DCC021E3A7ED70090591F /* AspirinKit.framework in Frameworks */ = {isa = PBXBuildFile; fileRef = F16DCBA81E3A779E0090591F /* AspirinKit.framework */; };
		F17788031E3A872C007B7A68 /* UIKit.framework in Frameworks */ = {isa = PBXBuildFile; fileRef = F17788021E3A872C007B7A68 /* UIKit.framework */; };
		F17788071E3A8738007B7A68 /* AVFoundation.framework in Frameworks */ = {isa = PBXBuildFile; fileRef = F17788041E3A8738007B7A68 /* AVFoundation.framework */; };
		F17788081E3A8738007B7A68 /* CoreFoundation.framework in Frameworks */ = {isa = PBXBuildFile; fileRef = F17788051E3A8738007B7A68 /* CoreFoundation.framework */; };
		F17788091E3A8738007B7A68 /* Foundation.framework in Frameworks */ = {isa = PBXBuildFile; fileRef = F17788061E3A8738007B7A68 /* Foundation.framework */; };
		F177880B1E3A873E007B7A68 /* AVKit.framework in Frameworks */ = {isa = PBXBuildFile; fileRef = F177880A1E3A873E007B7A68 /* AVKit.framework */; };
		F17788131E3A8757007B7A68 /* AVFoundation.framework in Frameworks */ = {isa = PBXBuildFile; fileRef = F17788111E3A8757007B7A68 /* AVFoundation.framework */; };
		F17788141E3A8757007B7A68 /* Foundation.framework in Frameworks */ = {isa = PBXBuildFile; fileRef = F17788121E3A8757007B7A68 /* Foundation.framework */; };
		F17788161E3A8768007B7A68 /* AVKit.framework in Frameworks */ = {isa = PBXBuildFile; fileRef = F17788151E3A8768007B7A68 /* AVKit.framework */; };
		F17788181E3A8771007B7A68 /* Foundation.framework in Frameworks */ = {isa = PBXBuildFile; fileRef = F17788171E3A8771007B7A68 /* Foundation.framework */; };
		F177881A1E3A8778007B7A68 /* UIKit.framework in Frameworks */ = {isa = PBXBuildFile; fileRef = F17788191E3A8778007B7A68 /* UIKit.framework */; };
		F177881E1E3A8786007B7A68 /* AVFoundation.framework in Frameworks */ = {isa = PBXBuildFile; fileRef = F177881B1E3A8786007B7A68 /* AVFoundation.framework */; };
		F177881F1E3A8786007B7A68 /* CoreFoundation.framework in Frameworks */ = {isa = PBXBuildFile; fileRef = F177881C1E3A8786007B7A68 /* CoreFoundation.framework */; };
		F17788201E3A8786007B7A68 /* Foundation.framework in Frameworks */ = {isa = PBXBuildFile; fileRef = F177881D1E3A8786007B7A68 /* Foundation.framework */; };
		F17788221E3A878A007B7A68 /* UIKit.framework in Frameworks */ = {isa = PBXBuildFile; fileRef = F17788211E3A878A007B7A68 /* UIKit.framework */; };
		F17B3D0B1E3E71180067936B /* Video.swift in Sources */ = {isa = PBXBuildFile; fileRef = F17B3D0A1E3E71180067936B /* Video.swift */; };
		F17B3D0C1E3E71180067936B /* Video.swift in Sources */ = {isa = PBXBuildFile; fileRef = F17B3D0A1E3E71180067936B /* Video.swift */; };
		F17B3D0D1E3E71180067936B /* Video.swift in Sources */ = {isa = PBXBuildFile; fileRef = F17B3D0A1E3E71180067936B /* Video.swift */; };
		F17B3D101E3E74E90067936B /* FileManager.swift in Sources */ = {isa = PBXBuildFile; fileRef = F17B3D0F1E3E74E90067936B /* FileManager.swift */; };
		F17B3D111E3E74E90067936B /* FileManager.swift in Sources */ = {isa = PBXBuildFile; fileRef = F17B3D0F1E3E74E90067936B /* FileManager.swift */; };
		F17B3D121E3E74E90067936B /* FileManager.swift in Sources */ = {isa = PBXBuildFile; fileRef = F17B3D0F1E3E74E90067936B /* FileManager.swift */; };
		F17B3D131E3E74E90067936B /* FileManager.swift in Sources */ = {isa = PBXBuildFile; fileRef = F17B3D0F1E3E74E90067936B /* FileManager.swift */; };
		F1E844F51E4A50A8000EABBF /* SKColor.swift in Sources */ = {isa = PBXBuildFile; fileRef = F1E844F41E4A50A8000EABBF /* SKColor.swift */; };
		F1E844F61E4A50A8000EABBF /* SKColor.swift in Sources */ = {isa = PBXBuildFile; fileRef = F1E844F41E4A50A8000EABBF /* SKColor.swift */; };
		F1E844F71E4A50A8000EABBF /* SKColor.swift in Sources */ = {isa = PBXBuildFile; fileRef = F1E844F41E4A50A8000EABBF /* SKColor.swift */; };
		F1E844F81E4A50A8000EABBF /* SKColor.swift in Sources */ = {isa = PBXBuildFile; fileRef = F1E844F41E4A50A8000EABBF /* SKColor.swift */; };
		F1E844FA1E4A577B000EABBF /* String.swift in Sources */ = {isa = PBXBuildFile; fileRef = F1E844F91E4A577B000EABBF /* String.swift */; };
		F1E844FB1E4A577B000EABBF /* String.swift in Sources */ = {isa = PBXBuildFile; fileRef = F1E844F91E4A577B000EABBF /* String.swift */; };
		F1E844FC1E4A577B000EABBF /* String.swift in Sources */ = {isa = PBXBuildFile; fileRef = F1E844F91E4A577B000EABBF /* String.swift */; };
		F1E844FD1E4A577B000EABBF /* String.swift in Sources */ = {isa = PBXBuildFile; fileRef = F1E844F91E4A577B000EABBF /* String.swift */; };
		F1E844FF1E4A6166000EABBF /* Thread.swift in Sources */ = {isa = PBXBuildFile; fileRef = F1E844FE1E4A6166000EABBF /* Thread.swift */; };
		F1E845001E4A6166000EABBF /* Thread.swift in Sources */ = {isa = PBXBuildFile; fileRef = F1E844FE1E4A6166000EABBF /* Thread.swift */; };
		F1E845011E4A6166000EABBF /* Thread.swift in Sources */ = {isa = PBXBuildFile; fileRef = F1E844FE1E4A6166000EABBF /* Thread.swift */; };
		F1E845021E4A6166000EABBF /* Thread.swift in Sources */ = {isa = PBXBuildFile; fileRef = F1E844FE1E4A6166000EABBF /* Thread.swift */; };
		F1E845041E4A617F000EABBF /* Array.swift in Sources */ = {isa = PBXBuildFile; fileRef = F1E845031E4A617F000EABBF /* Array.swift */; };
		F1E845051E4A617F000EABBF /* Array.swift in Sources */ = {isa = PBXBuildFile; fileRef = F1E845031E4A617F000EABBF /* Array.swift */; };
		F1E845061E4A617F000EABBF /* Array.swift in Sources */ = {isa = PBXBuildFile; fileRef = F1E845031E4A617F000EABBF /* Array.swift */; };
		F1E845071E4A617F000EABBF /* Array.swift in Sources */ = {isa = PBXBuildFile; fileRef = F1E845031E4A617F000EABBF /* Array.swift */; };
		F1E8450A1E4A6253000EABBF /* NSMenu.swift in Sources */ = {isa = PBXBuildFile; fileRef = F1E845091E4A6253000EABBF /* NSMenu.swift */; };
		F1E8450C1E4A628E000EABBF /* Keyboard.swift in Sources */ = {isa = PBXBuildFile; fileRef = F1E8450B1E4A628E000EABBF /* Keyboard.swift */; };
		F1F4238E1E4CFD9600E631F4 /* Angle.swift in Sources */ = {isa = PBXBuildFile; fileRef = F1F4238D1E4CFD9600E631F4 /* Angle.swift */; };
		F1F4238F1E4CFD9600E631F4 /* Angle.swift in Sources */ = {isa = PBXBuildFile; fileRef = F1F4238D1E4CFD9600E631F4 /* Angle.swift */; };
		F1F423901E4CFD9600E631F4 /* Angle.swift in Sources */ = {isa = PBXBuildFile; fileRef = F1F4238D1E4CFD9600E631F4 /* Angle.swift */; };
		F1F423911E4CFD9600E631F4 /* Angle.swift in Sources */ = {isa = PBXBuildFile; fileRef = F1F4238D1E4CFD9600E631F4 /* Angle.swift */; };
		F1F423931E4CFDBD00E631F4 /* BaseTypes.swift in Sources */ = {isa = PBXBuildFile; fileRef = F1F423921E4CFDBD00E631F4 /* BaseTypes.swift */; };
		F1F423941E4CFDBD00E631F4 /* BaseTypes.swift in Sources */ = {isa = PBXBuildFile; fileRef = F1F423921E4CFDBD00E631F4 /* BaseTypes.swift */; };
		F1F423951E4CFDBD00E631F4 /* BaseTypes.swift in Sources */ = {isa = PBXBuildFile; fileRef = F1F423921E4CFDBD00E631F4 /* BaseTypes.swift */; };
		F1F423961E4CFDBD00E631F4 /* BaseTypes.swift in Sources */ = {isa = PBXBuildFile; fileRef = F1F423921E4CFDBD00E631F4 /* BaseTypes.swift */; };
/* End PBXBuildFile section */

/* Begin PBXContainerItemProxy section */
		F16DCC031E3A7ED70090591F /* PBXContainerItemProxy */ = {
			isa = PBXContainerItemProxy;
			containerPortal = F16DCB9D1E3A776D0090591F /* Project object */;
			proxyType = 1;
			remoteGlobalIDString = F16DCBA71E3A779E0090591F;
			remoteInfo = "AspirinKit iOS";
		};
/* End PBXContainerItemProxy section */

/* Begin PBXFileReference section */
		F10D24661EAA661B00648118 /* Device.swift */ = {isa = PBXFileReference; fileEncoding = 4; lastKnownFileType = sourcecode.swift; path = Device.swift; sourceTree = "<group>"; };
		F10D246C1EAA677100648118 /* NSLayoutConstraint.swift */ = {isa = PBXFileReference; fileEncoding = 4; lastKnownFileType = sourcecode.swift; path = NSLayoutConstraint.swift; sourceTree = "<group>"; };
		F10D246D1EAA677100648118 /* UIView.swift */ = {isa = PBXFileReference; fileEncoding = 4; lastKnownFileType = sourcecode.swift; path = UIView.swift; sourceTree = "<group>"; };
		F10D246E1EAA677100648118 /* UIViewController.swift */ = {isa = PBXFileReference; fileEncoding = 4; lastKnownFileType = sourcecode.swift; path = UIViewController.swift; sourceTree = "<group>"; };
		F10D24781EAA678800648118 /* UIApplication.swift */ = {isa = PBXFileReference; fileEncoding = 4; lastKnownFileType = sourcecode.swift; path = UIApplication.swift; sourceTree = "<group>"; };
		F10D247C1EAA694500648118 /* Bundle.swift */ = {isa = PBXFileReference; fileEncoding = 4; lastKnownFileType = sourcecode.swift; path = Bundle.swift; sourceTree = "<group>"; };
		F15782451E99A8F300A5ACED /* SceneKit.framework */ = {isa = PBXFileReference; lastKnownFileType = wrapper.framework; name = SceneKit.framework; path = Platforms/WatchOS.platform/Developer/SDKs/WatchOS3.2.sdk/System/Library/Frameworks/SceneKit.framework; sourceTree = DEVELOPER_DIR; };
		F15924491E9D8E7E00CF55F9 /* NSApplicationDelegate.swift */ = {isa = PBXFileReference; fileEncoding = 4; lastKnownFileType = sourcecode.swift; path = NSApplicationDelegate.swift; sourceTree = "<group>"; };
		F159244B1E9D8F7F00CF55F9 /* UIViewController.swift */ = {isa = PBXFileReference; fileEncoding = 4; lastKnownFileType = sourcecode.swift; path = UIViewController.swift; sourceTree = "<group>"; };
		F15924871E9DA9BF00CF55F9 /* Dictionary.swift */ = {isa = PBXFileReference; fileEncoding = 4; lastKnownFileType = sourcecode.swift; path = Dictionary.swift; sourceTree = "<group>"; };
		F16583F71E4FA6E800AE78F4 /* Benchmarks.swift */ = {isa = PBXFileReference; fileEncoding = 4; lastKnownFileType = sourcecode.swift; path = Benchmarks.swift; sourceTree = "<group>"; };
		F16583FC1E4FA71D00AE78F4 /* MachSystemClock.swift */ = {isa = PBXFileReference; fileEncoding = 4; lastKnownFileType = sourcecode.swift; path = MachSystemClock.swift; sourceTree = "<group>"; };
		F16584311E539E2900AE78F4 /* SCNTransaction.swift */ = {isa = PBXFileReference; fileEncoding = 4; lastKnownFileType = sourcecode.swift; path = SCNTransaction.swift; sourceTree = "<group>"; };
		F16584361E539EC200AE78F4 /* SCNNode.swift */ = {isa = PBXFileReference; fileEncoding = 4; lastKnownFileType = sourcecode.swift; path = SCNNode.swift; sourceTree = "<group>"; };
		F165843B1E53A05400AE78F4 /* SCNMaterial.swift */ = {isa = PBXFileReference; fileEncoding = 4; lastKnownFileType = sourcecode.swift; path = SCNMaterial.swift; sourceTree = "<group>"; };
		F16584401E53A22A00AE78F4 /* Counter.swift */ = {isa = PBXFileReference; fileEncoding = 4; lastKnownFileType = sourcecode.swift; path = Counter.swift; sourceTree = "<group>"; };
		F16584451E53A9FC00AE78F4 /* SCNPhysicsContact.swift */ = {isa = PBXFileReference; fileEncoding = 4; lastKnownFileType = sourcecode.swift; path = SCNPhysicsContact.swift; sourceTree = "<group>"; };
		F165844A1E53AB0600AE78F4 /* SKNode.swift */ = {isa = PBXFileReference; fileEncoding = 4; lastKnownFileType = sourcecode.swift; path = SKNode.swift; sourceTree = "<group>"; };
		F165844F1E53ABCB00AE78F4 /* CATransform3D.swift */ = {isa = PBXFileReference; fileEncoding = 4; lastKnownFileType = sourcecode.swift; path = CATransform3D.swift; sourceTree = "<group>"; };
		F16584541E53AC8500AE78F4 /* SCNVector.swift */ = {isa = PBXFileReference; fileEncoding = 4; lastKnownFileType = sourcecode.swift; path = SCNVector.swift; sourceTree = "<group>"; };
		F16584591E53ACEB00AE78F4 /* SceneKit_iOS.swift */ = {isa = PBXFileReference; fileEncoding = 4; lastKnownFileType = sourcecode.swift; path = SceneKit_iOS.swift; sourceTree = "<group>"; };
		F165845A1E53ACEB00AE78F4 /* SceneKit_macOS.swift */ = {isa = PBXFileReference; fileEncoding = 4; lastKnownFileType = sourcecode.swift; path = SceneKit_macOS.swift; sourceTree = "<group>"; };
		F16DCBA81E3A779E0090591F /* AspirinKit.framework */ = {isa = PBXFileReference; explicitFileType = wrapper.framework; includeInIndex = 0; path = AspirinKit.framework; sourceTree = BUILT_PRODUCTS_DIR; };
		F16DCBB61E3A77D60090591F /* AspirinKit.framework */ = {isa = PBXFileReference; explicitFileType = wrapper.framework; includeInIndex = 0; path = AspirinKit.framework; sourceTree = BUILT_PRODUCTS_DIR; };
		F16DCBC31E3A77E40090591F /* AspirinKit.framework */ = {isa = PBXFileReference; explicitFileType = wrapper.framework; includeInIndex = 0; path = AspirinKit.framework; sourceTree = BUILT_PRODUCTS_DIR; };
		F16DCBD01E3A77F20090591F /* AspirinKit.framework */ = {isa = PBXFileReference; explicitFileType = wrapper.framework; includeInIndex = 0; path = AspirinKit.framework; sourceTree = BUILT_PRODUCTS_DIR; };
		F16DCBDA1E3A792A0090591F /* Info-iOS.plist */ = {isa = PBXFileReference; lastKnownFileType = text.plist.xml; path = "Info-iOS.plist"; sourceTree = "<group>"; };
		F16DCBDB1E3A792A0090591F /* Info-macOS.plist */ = {isa = PBXFileReference; lastKnownFileType = text.plist.xml; path = "Info-macOS.plist"; sourceTree = "<group>"; };
		F16DCBDC1E3A792A0090591F /* Info-tvOS.plist */ = {isa = PBXFileReference; lastKnownFileType = text.plist.xml; path = "Info-tvOS.plist"; sourceTree = "<group>"; };
		F16DCBDD1E3A792A0090591F /* Info-watchOS.plist */ = {isa = PBXFileReference; lastKnownFileType = text.plist.xml; path = "Info-watchOS.plist"; sourceTree = "<group>"; };
		F16DCBDE1E3A7A240090591F /* AspirinKit.h */ = {isa = PBXFileReference; fileEncoding = 4; lastKnownFileType = sourcecode.c.h; path = AspirinKit.h; sourceTree = "<group>"; };
		F16DCBE91E3A7AFE0090591F /* UIView.swift */ = {isa = PBXFileReference; fileEncoding = 4; lastKnownFileType = sourcecode.swift; path = UIView.swift; sourceTree = "<group>"; };
		F16DCBEF1E3A7B450090591F /* CGTypes.swift */ = {isa = PBXFileReference; fileEncoding = 4; lastKnownFileType = sourcecode.swift; path = CGTypes.swift; sourceTree = "<group>"; };
		F16DCBF41E3A7BD40090591F /* NSLayoutConstraint.swift */ = {isa = PBXFileReference; fileEncoding = 4; lastKnownFileType = sourcecode.swift; path = NSLayoutConstraint.swift; sourceTree = "<group>"; };
		F16DCBFD1E3A7ED70090591F /* AspirinKit iOS Tests.xctest */ = {isa = PBXFileReference; explicitFileType = wrapper.cfbundle; includeInIndex = 0; path = "AspirinKit iOS Tests.xctest"; sourceTree = BUILT_PRODUCTS_DIR; };
		F16DCBFF1E3A7ED70090591F /* AspirinKit_iOS_Tests.swift */ = {isa = PBXFileReference; lastKnownFileType = sourcecode.swift; path = AspirinKit_iOS_Tests.swift; sourceTree = "<group>"; };
		F16DCC011E3A7ED70090591F /* Info.plist */ = {isa = PBXFileReference; lastKnownFileType = text.plist.xml; path = Info.plist; sourceTree = "<group>"; };
		F17788021E3A872C007B7A68 /* UIKit.framework */ = {isa = PBXFileReference; lastKnownFileType = wrapper.framework; name = UIKit.framework; path = Platforms/iPhoneOS.platform/Developer/SDKs/iPhoneOS10.2.sdk/System/Library/Frameworks/UIKit.framework; sourceTree = DEVELOPER_DIR; };
		F17788041E3A8738007B7A68 /* AVFoundation.framework */ = {isa = PBXFileReference; lastKnownFileType = wrapper.framework; name = AVFoundation.framework; path = Platforms/iPhoneOS.platform/Developer/SDKs/iPhoneOS10.2.sdk/System/Library/Frameworks/AVFoundation.framework; sourceTree = DEVELOPER_DIR; };
		F17788051E3A8738007B7A68 /* CoreFoundation.framework */ = {isa = PBXFileReference; lastKnownFileType = wrapper.framework; name = CoreFoundation.framework; path = Platforms/iPhoneOS.platform/Developer/SDKs/iPhoneOS10.2.sdk/System/Library/Frameworks/CoreFoundation.framework; sourceTree = DEVELOPER_DIR; };
		F17788061E3A8738007B7A68 /* Foundation.framework */ = {isa = PBXFileReference; lastKnownFileType = wrapper.framework; name = Foundation.framework; path = Platforms/iPhoneOS.platform/Developer/SDKs/iPhoneOS10.2.sdk/System/Library/Frameworks/Foundation.framework; sourceTree = DEVELOPER_DIR; };
		F177880A1E3A873E007B7A68 /* AVKit.framework */ = {isa = PBXFileReference; lastKnownFileType = wrapper.framework; name = AVKit.framework; path = Platforms/iPhoneOS.platform/Developer/SDKs/iPhoneOS10.2.sdk/System/Library/Frameworks/AVKit.framework; sourceTree = DEVELOPER_DIR; };
		F17788111E3A8757007B7A68 /* AVFoundation.framework */ = {isa = PBXFileReference; lastKnownFileType = wrapper.framework; name = AVFoundation.framework; path = System/Library/Frameworks/AVFoundation.framework; sourceTree = SDKROOT; };
		F17788121E3A8757007B7A68 /* Foundation.framework */ = {isa = PBXFileReference; lastKnownFileType = wrapper.framework; name = Foundation.framework; path = System/Library/Frameworks/Foundation.framework; sourceTree = SDKROOT; };
		F17788151E3A8768007B7A68 /* AVKit.framework */ = {isa = PBXFileReference; lastKnownFileType = wrapper.framework; name = AVKit.framework; path = System/Library/Frameworks/AVKit.framework; sourceTree = SDKROOT; };
		F17788171E3A8771007B7A68 /* Foundation.framework */ = {isa = PBXFileReference; lastKnownFileType = wrapper.framework; name = Foundation.framework; path = Platforms/AppleTVOS.platform/Developer/SDKs/AppleTVOS10.1.sdk/System/Library/Frameworks/Foundation.framework; sourceTree = DEVELOPER_DIR; };
		F17788191E3A8778007B7A68 /* UIKit.framework */ = {isa = PBXFileReference; lastKnownFileType = wrapper.framework; name = UIKit.framework; path = Platforms/AppleTVOS.platform/Developer/SDKs/AppleTVOS10.1.sdk/System/Library/Frameworks/UIKit.framework; sourceTree = DEVELOPER_DIR; };
		F177881B1E3A8786007B7A68 /* AVFoundation.framework */ = {isa = PBXFileReference; lastKnownFileType = wrapper.framework; name = AVFoundation.framework; path = Platforms/WatchOS.platform/Developer/SDKs/WatchOS3.1.sdk/System/Library/Frameworks/AVFoundation.framework; sourceTree = DEVELOPER_DIR; };
		F177881C1E3A8786007B7A68 /* CoreFoundation.framework */ = {isa = PBXFileReference; lastKnownFileType = wrapper.framework; name = CoreFoundation.framework; path = Platforms/WatchOS.platform/Developer/SDKs/WatchOS3.1.sdk/System/Library/Frameworks/CoreFoundation.framework; sourceTree = DEVELOPER_DIR; };
		F177881D1E3A8786007B7A68 /* Foundation.framework */ = {isa = PBXFileReference; lastKnownFileType = wrapper.framework; name = Foundation.framework; path = Platforms/WatchOS.platform/Developer/SDKs/WatchOS3.1.sdk/System/Library/Frameworks/Foundation.framework; sourceTree = DEVELOPER_DIR; };
		F17788211E3A878A007B7A68 /* UIKit.framework */ = {isa = PBXFileReference; lastKnownFileType = wrapper.framework; name = UIKit.framework; path = Platforms/WatchOS.platform/Developer/SDKs/WatchOS3.1.sdk/System/Library/Frameworks/UIKit.framework; sourceTree = DEVELOPER_DIR; };
		F17B3D0A1E3E71180067936B /* Video.swift */ = {isa = PBXFileReference; fileEncoding = 4; lastKnownFileType = sourcecode.swift; path = Video.swift; sourceTree = "<group>"; };
		F17B3D0F1E3E74E90067936B /* FileManager.swift */ = {isa = PBXFileReference; fileEncoding = 4; lastKnownFileType = sourcecode.swift; path = FileManager.swift; sourceTree = "<group>"; };
		F1E844F41E4A50A8000EABBF /* SKColor.swift */ = {isa = PBXFileReference; fileEncoding = 4; lastKnownFileType = sourcecode.swift; path = SKColor.swift; sourceTree = "<group>"; };
		F1E844F91E4A577B000EABBF /* String.swift */ = {isa = PBXFileReference; fileEncoding = 4; lastKnownFileType = sourcecode.swift; path = String.swift; sourceTree = "<group>"; };
		F1E844FE1E4A6166000EABBF /* Thread.swift */ = {isa = PBXFileReference; fileEncoding = 4; lastKnownFileType = sourcecode.swift; path = Thread.swift; sourceTree = "<group>"; };
		F1E845031E4A617F000EABBF /* Array.swift */ = {isa = PBXFileReference; fileEncoding = 4; lastKnownFileType = sourcecode.swift; path = Array.swift; sourceTree = "<group>"; };
		F1E845091E4A6253000EABBF /* NSMenu.swift */ = {isa = PBXFileReference; fileEncoding = 4; lastKnownFileType = sourcecode.swift; path = NSMenu.swift; sourceTree = "<group>"; };
		F1E8450B1E4A628E000EABBF /* Keyboard.swift */ = {isa = PBXFileReference; fileEncoding = 4; lastKnownFileType = sourcecode.swift; path = Keyboard.swift; sourceTree = "<group>"; };
		F1F4238D1E4CFD9600E631F4 /* Angle.swift */ = {isa = PBXFileReference; fileEncoding = 4; lastKnownFileType = sourcecode.swift; path = Angle.swift; sourceTree = "<group>"; };
		F1F423921E4CFDBD00E631F4 /* BaseTypes.swift */ = {isa = PBXFileReference; fileEncoding = 4; lastKnownFileType = sourcecode.swift; path = BaseTypes.swift; sourceTree = "<group>"; };
/* End PBXFileReference section */

/* Begin PBXFrameworksBuildPhase section */
		F16DCBA41E3A779E0090591F /* Frameworks */ = {
			isa = PBXFrameworksBuildPhase;
			buildActionMask = 2147483647;
			files = (
				F177880B1E3A873E007B7A68 /* AVKit.framework in Frameworks */,
				F17788071E3A8738007B7A68 /* AVFoundation.framework in Frameworks */,
				F17788081E3A8738007B7A68 /* CoreFoundation.framework in Frameworks */,
				F17788091E3A8738007B7A68 /* Foundation.framework in Frameworks */,
				F17788031E3A872C007B7A68 /* UIKit.framework in Frameworks */,
			);
			runOnlyForDeploymentPostprocessing = 0;
		};
		F16DCBB21E3A77D60090591F /* Frameworks */ = {
			isa = PBXFrameworksBuildPhase;
			buildActionMask = 2147483647;
			files = (
				F15782461E99A8F300A5ACED /* SceneKit.framework in Frameworks */,
				F17788221E3A878A007B7A68 /* UIKit.framework in Frameworks */,
				F177881E1E3A8786007B7A68 /* AVFoundation.framework in Frameworks */,
				F177881F1E3A8786007B7A68 /* CoreFoundation.framework in Frameworks */,
				F17788201E3A8786007B7A68 /* Foundation.framework in Frameworks */,
			);
			runOnlyForDeploymentPostprocessing = 0;
		};
		F16DCBBF1E3A77E40090591F /* Frameworks */ = {
			isa = PBXFrameworksBuildPhase;
			buildActionMask = 2147483647;
			files = (
				F177881A1E3A8778007B7A68 /* UIKit.framework in Frameworks */,
				F17788181E3A8771007B7A68 /* Foundation.framework in Frameworks */,
			);
			runOnlyForDeploymentPostprocessing = 0;
		};
		F16DCBCC1E3A77F20090591F /* Frameworks */ = {
			isa = PBXFrameworksBuildPhase;
			buildActionMask = 2147483647;
			files = (
				F17788161E3A8768007B7A68 /* AVKit.framework in Frameworks */,
				F17788141E3A8757007B7A68 /* Foundation.framework in Frameworks */,
				F17788131E3A8757007B7A68 /* AVFoundation.framework in Frameworks */,
			);
			runOnlyForDeploymentPostprocessing = 0;
		};
		F16DCBFA1E3A7ED70090591F /* Frameworks */ = {
			isa = PBXFrameworksBuildPhase;
			buildActionMask = 2147483647;
			files = (
				F16DCC021E3A7ED70090591F /* AspirinKit.framework in Frameworks */,
			);
			runOnlyForDeploymentPostprocessing = 0;
		};
/* End PBXFrameworksBuildPhase section */

/* Begin PBXGroup section */
		F10D246B1EAA677100648118 /* UIKit */ = {
			isa = PBXGroup;
			children = (
				F10D246C1EAA677100648118 /* NSLayoutConstraint.swift */,
				F10D246D1EAA677100648118 /* UIView.swift */,
				F10D246E1EAA677100648118 /* UIViewController.swift */,
				F10D24781EAA678800648118 /* UIApplication.swift */,
			);
			path = UIKit;
			sourceTree = "<group>";
		};
		F16583F61E4FA6DE00AE78F4 /* Util */ = {
			isa = PBXGroup;
			children = (
				F16583F71E4FA6E800AE78F4 /* Benchmarks.swift */,
				F16584401E53A22A00AE78F4 /* Counter.swift */,
			);
			path = Util;
			sourceTree = "<group>";
		};
		F16584161E538C6D00AE78F4 /* SceneKit */ = {
			isa = PBXGroup;
			children = (
				F16584591E53ACEB00AE78F4 /* SceneKit_iOS.swift */,
				F165845A1E53ACEB00AE78F4 /* SceneKit_macOS.swift */,
				F16584311E539E2900AE78F4 /* SCNTransaction.swift */,
				F16584361E539EC200AE78F4 /* SCNNode.swift */,
				F165843B1E53A05400AE78F4 /* SCNMaterial.swift */,
				F16584451E53A9FC00AE78F4 /* SCNPhysicsContact.swift */,
				F16584541E53AC8500AE78F4 /* SCNVector.swift */,
			);
			path = SceneKit;
			sourceTree = "<group>";
		};
		F16DCB9C1E3A776D0090591F = {
			isa = PBXGroup;
			children = (
				F16DCBD81E3A78500090591F /* Sources */,
				F16DCBFE1E3A7ED70090591F /* AspirinKit iOS Tests */,
				F16DCBA91E3A779E0090591F /* Products */,
				F17788011E3A872C007B7A68 /* Frameworks */,
			);
			sourceTree = "<group>";
		};
		F16DCBA91E3A779E0090591F /* Products */ = {
			isa = PBXGroup;
			children = (
				F16DCBA81E3A779E0090591F /* AspirinKit.framework */,
				F16DCBB61E3A77D60090591F /* AspirinKit.framework */,
				F16DCBC31E3A77E40090591F /* AspirinKit.framework */,
				F16DCBD01E3A77F20090591F /* AspirinKit.framework */,
				F16DCBFD1E3A7ED70090591F /* AspirinKit iOS Tests.xctest */,
			);
			name = Products;
			sourceTree = "<group>";
		};
		F16DCBD81E3A78500090591F /* Sources */ = {
			isa = PBXGroup;
			children = (
				F10D246B1EAA677100648118 /* UIKit */,
				F16584161E538C6D00AE78F4 /* SceneKit */,
				F16583F61E4FA6DE00AE78F4 /* Util */,
				F1F4238C1E4CFD8400E631F4 /* Math */,
				F17B3D0E1E3E74C60067936B /* Foundation */,
				F1E845081E4A6248000EABBF /* AppKit */,
				F1E844F31E4A5098000EABBF /* SpriteKit */,
				F17B3D091E3E70FA0067936B /* AVFoundation */,
				F16DCBEE1E3A7B390090591F /* CoreGraphics */,
				F16DCBE31E3A7AA50090591F /* UIKit */,
				F16DCBD91E3A792A0090591F /* Info */,
			);
			path = Sources;
			sourceTree = "<group>";
		};
		F16DCBD91E3A792A0090591F /* Info */ = {
			isa = PBXGroup;
			children = (
				F16DCBDE1E3A7A240090591F /* AspirinKit.h */,
				F16DCBDA1E3A792A0090591F /* Info-iOS.plist */,
				F16DCBDB1E3A792A0090591F /* Info-macOS.plist */,
				F16DCBDC1E3A792A0090591F /* Info-tvOS.plist */,
				F16DCBDD1E3A792A0090591F /* Info-watchOS.plist */,
			);
			name = Info;
			path = "Supporting Files";
			sourceTree = "<group>";
		};
		F16DCBE31E3A7AA50090591F /* UIKit */ = {
			isa = PBXGroup;
			children = (
				F16DCBE91E3A7AFE0090591F /* UIView.swift */,
				F16DCBF41E3A7BD40090591F /* NSLayoutConstraint.swift */,
				F159244B1E9D8F7F00CF55F9 /* UIViewController.swift */,
			);
			path = UIKit;
			sourceTree = "<group>";
		};
		F16DCBEE1E3A7B390090591F /* CoreGraphics */ = {
			isa = PBXGroup;
			children = (
				F16DCBEF1E3A7B450090591F /* CGTypes.swift */,
				F165844F1E53ABCB00AE78F4 /* CATransform3D.swift */,
			);
			path = CoreGraphics;
			sourceTree = "<group>";
		};
		F16DCBFE1E3A7ED70090591F /* AspirinKit iOS Tests */ = {
			isa = PBXGroup;
			children = (
				F16DCBFF1E3A7ED70090591F /* AspirinKit_iOS_Tests.swift */,
				F16DCC011E3A7ED70090591F /* Info.plist */,
			);
			path = "AspirinKit iOS Tests";
			sourceTree = "<group>";
		};
		F17788011E3A872C007B7A68 /* Frameworks */ = {
			isa = PBXGroup;
			children = (
				F15782451E99A8F300A5ACED /* SceneKit.framework */,
				F17788211E3A878A007B7A68 /* UIKit.framework */,
				F177881B1E3A8786007B7A68 /* AVFoundation.framework */,
				F177881C1E3A8786007B7A68 /* CoreFoundation.framework */,
				F177881D1E3A8786007B7A68 /* Foundation.framework */,
				F17788191E3A8778007B7A68 /* UIKit.framework */,
				F17788171E3A8771007B7A68 /* Foundation.framework */,
				F17788151E3A8768007B7A68 /* AVKit.framework */,
				F17788111E3A8757007B7A68 /* AVFoundation.framework */,
				F17788121E3A8757007B7A68 /* Foundation.framework */,
				F177880A1E3A873E007B7A68 /* AVKit.framework */,
				F17788041E3A8738007B7A68 /* AVFoundation.framework */,
				F17788051E3A8738007B7A68 /* CoreFoundation.framework */,
				F17788061E3A8738007B7A68 /* Foundation.framework */,
				F17788021E3A872C007B7A68 /* UIKit.framework */,
			);
			name = Frameworks;
			sourceTree = "<group>";
		};
		F17B3D091E3E70FA0067936B /* AVFoundation */ = {
			isa = PBXGroup;
			children = (
				F17B3D0A1E3E71180067936B /* Video.swift */,
			);
			path = AVFoundation;
			sourceTree = "<group>";
		};
		F17B3D0E1E3E74C60067936B /* Foundation */ = {
			isa = PBXGroup;
			children = (
				F17B3D0F1E3E74E90067936B /* FileManager.swift */,
				F1E844F91E4A577B000EABBF /* String.swift */,
				F1E844FE1E4A6166000EABBF /* Thread.swift */,
				F1E845031E4A617F000EABBF /* Array.swift */,
				F1F423921E4CFDBD00E631F4 /* BaseTypes.swift */,
				F16583FC1E4FA71D00AE78F4 /* MachSystemClock.swift */,
				F15924871E9DA9BF00CF55F9 /* Dictionary.swift */,
				F10D24661EAA661B00648118 /* Device.swift */,
				F10D247C1EAA694500648118 /* Bundle.swift */,
			);
			path = Foundation;
			sourceTree = "<group>";
		};
		F1E844F31E4A5098000EABBF /* SpriteKit */ = {
			isa = PBXGroup;
			children = (
				F1E844F41E4A50A8000EABBF /* SKColor.swift */,
				F165844A1E53AB0600AE78F4 /* SKNode.swift */,
			);
			path = SpriteKit;
			sourceTree = "<group>";
		};
		F1E845081E4A6248000EABBF /* AppKit */ = {
			isa = PBXGroup;
			children = (
				F1E845091E4A6253000EABBF /* NSMenu.swift */,
				F1E8450B1E4A628E000EABBF /* Keyboard.swift */,
				F15924491E9D8E7E00CF55F9 /* NSApplicationDelegate.swift */,
			);
			path = AppKit;
			sourceTree = "<group>";
		};
		F1F4238C1E4CFD8400E631F4 /* Math */ = {
			isa = PBXGroup;
			children = (
				F1F4238D1E4CFD9600E631F4 /* Angle.swift */,
			);
			path = Math;
			sourceTree = "<group>";
		};
/* End PBXGroup section */

/* Begin PBXHeadersBuildPhase section */
		F16DCBA51E3A779E0090591F /* Headers */ = {
			isa = PBXHeadersBuildPhase;
			buildActionMask = 2147483647;
			files = (
				F16DCBDF1E3A7A240090591F /* AspirinKit.h in Headers */,
			);
			runOnlyForDeploymentPostprocessing = 0;
		};
		F16DCBB31E3A77D60090591F /* Headers */ = {
			isa = PBXHeadersBuildPhase;
			buildActionMask = 2147483647;
			files = (
				F16DCBE01E3A7A240090591F /* AspirinKit.h in Headers */,
			);
			runOnlyForDeploymentPostprocessing = 0;
		};
		F16DCBC01E3A77E40090591F /* Headers */ = {
			isa = PBXHeadersBuildPhase;
			buildActionMask = 2147483647;
			files = (
				F16DCBE11E3A7A240090591F /* AspirinKit.h in Headers */,
			);
			runOnlyForDeploymentPostprocessing = 0;
		};
		F16DCBCD1E3A77F20090591F /* Headers */ = {
			isa = PBXHeadersBuildPhase;
			buildActionMask = 2147483647;
			files = (
				F16DCBE21E3A7A240090591F /* AspirinKit.h in Headers */,
			);
			runOnlyForDeploymentPostprocessing = 0;
		};
/* End PBXHeadersBuildPhase section */

/* Begin PBXNativeTarget section */
		F16DCBA71E3A779E0090591F /* AspirinKit iOS */ = {
			isa = PBXNativeTarget;
			buildConfigurationList = F16DCBAE1E3A779E0090591F /* Build configuration list for PBXNativeTarget "AspirinKit iOS" */;
			buildPhases = (
				F11E773A1EAA7651002FBCA8 /* Update Version */,
				F16DCBA31E3A779E0090591F /* Sources */,
				F16DCBA41E3A779E0090591F /* Frameworks */,
				F16DCBA51E3A779E0090591F /* Headers */,
				F16DCBA61E3A779E0090591F /* Resources */,
			);
			buildRules = (
			);
			dependencies = (
			);
			name = "AspirinKit iOS";
			productName = "AspirinKit iOS";
			productReference = F16DCBA81E3A779E0090591F /* AspirinKit.framework */;
			productType = "com.apple.product-type.framework";
		};
		F16DCBB51E3A77D60090591F /* AspirinKit watchOS */ = {
			isa = PBXNativeTarget;
			buildConfigurationList = F16DCBBB1E3A77D60090591F /* Build configuration list for PBXNativeTarget "AspirinKit watchOS" */;
			buildPhases = (
				F11E773C1EAA773E002FBCA8 /* Update Version */,
				F16DCBB11E3A77D60090591F /* Sources */,
				F16DCBB21E3A77D60090591F /* Frameworks */,
				F16DCBB31E3A77D60090591F /* Headers */,
				F16DCBB41E3A77D60090591F /* Resources */,
			);
			buildRules = (
			);
			dependencies = (
			);
			name = "AspirinKit watchOS";
			productName = "AspirinKit watchOS";
			productReference = F16DCBB61E3A77D60090591F /* AspirinKit.framework */;
			productType = "com.apple.product-type.framework";
		};
		F16DCBC21E3A77E40090591F /* AspirinKit tvOS */ = {
			isa = PBXNativeTarget;
			buildConfigurationList = F16DCBC81E3A77E50090591F /* Build configuration list for PBXNativeTarget "AspirinKit tvOS" */;
			buildPhases = (
				F11E773D1EAA7768002FBCA8 /* Update Version */,
				F16DCBBE1E3A77E40090591F /* Sources */,
				F16DCBBF1E3A77E40090591F /* Frameworks */,
				F16DCBC01E3A77E40090591F /* Headers */,
				F16DCBC11E3A77E40090591F /* Resources */,
			);
			buildRules = (
			);
			dependencies = (
			);
			name = "AspirinKit tvOS";
			productName = "AspirinKit tvOS";
			productReference = F16DCBC31E3A77E40090591F /* AspirinKit.framework */;
			productType = "com.apple.product-type.framework";
		};
		F16DCBCF1E3A77F20090591F /* AspirinKit macOS */ = {
			isa = PBXNativeTarget;
			buildConfigurationList = F16DCBD51E3A77F30090591F /* Build configuration list for PBXNativeTarget "AspirinKit macOS" */;
			buildPhases = (
				F11E773B1EAA76C5002FBCA8 /* Update Version */,
				F16DCBCB1E3A77F20090591F /* Sources */,
				F16DCBCC1E3A77F20090591F /* Frameworks */,
				F16DCBCD1E3A77F20090591F /* Headers */,
				F16DCBCE1E3A77F20090591F /* Resources */,
			);
			buildRules = (
			);
			dependencies = (
			);
			name = "AspirinKit macOS";
			productName = "AspirinKit macOS";
			productReference = F16DCBD01E3A77F20090591F /* AspirinKit.framework */;
			productType = "com.apple.product-type.framework";
		};
		F16DCBFC1E3A7ED70090591F /* AspirinKit iOS Tests */ = {
			isa = PBXNativeTarget;
			buildConfigurationList = F16DCC071E3A7ED70090591F /* Build configuration list for PBXNativeTarget "AspirinKit iOS Tests" */;
			buildPhases = (
				F16DCBF91E3A7ED70090591F /* Sources */,
				F16DCBFA1E3A7ED70090591F /* Frameworks */,
				F16DCBFB1E3A7ED70090591F /* Resources */,
			);
			buildRules = (
			);
			dependencies = (
				F16DCC041E3A7ED70090591F /* PBXTargetDependency */,
			);
			name = "AspirinKit iOS Tests";
			productName = "AspirinKit iOS Tests";
			productReference = F16DCBFD1E3A7ED70090591F /* AspirinKit iOS Tests.xctest */;
			productType = "com.apple.product-type.bundle.unit-test";
		};
/* End PBXNativeTarget section */

/* Begin PBXProject section */
		F16DCB9D1E3A776D0090591F /* Project object */ = {
			isa = PBXProject;
			attributes = {
				LastSwiftUpdateCheck = 0820;
				LastUpgradeCheck = 0830;
				TargetAttributes = {
					F16DCBA71E3A779E0090591F = {
						CreatedOnToolsVersion = 8.2.1;
						DevelopmentTeam = 596FA9S4A7;
						LastSwiftMigration = 0820;
						ProvisioningStyle = Automatic;
					};
					F16DCBB51E3A77D60090591F = {
						CreatedOnToolsVersion = 8.2.1;
						DevelopmentTeam = 596FA9S4A7;
						LastSwiftMigration = 0820;
						ProvisioningStyle = Automatic;
					};
					F16DCBC21E3A77E40090591F = {
						CreatedOnToolsVersion = 8.2.1;
						DevelopmentTeam = 596FA9S4A7;
						LastSwiftMigration = 0820;
						ProvisioningStyle = Automatic;
					};
					F16DCBCF1E3A77F20090591F = {
						CreatedOnToolsVersion = 8.2.1;
						DevelopmentTeam = 596FA9S4A7;
						LastSwiftMigration = 0820;
						ProvisioningStyle = Automatic;
					};
					F16DCBFC1E3A7ED70090591F = {
						CreatedOnToolsVersion = 8.2.1;
						DevelopmentTeam = 596FA9S4A7;
						ProvisioningStyle = Automatic;
					};
				};
			};
			buildConfigurationList = F16DCBA01E3A776D0090591F /* Build configuration list for PBXProject "AspirinKit" */;
			compatibilityVersion = "Xcode 3.2";
			developmentRegion = English;
			hasScannedForEncodings = 0;
			knownRegions = (
				en,
				Base,
			);
			mainGroup = F16DCB9C1E3A776D0090591F;
			productRefGroup = F16DCBA91E3A779E0090591F /* Products */;
			projectDirPath = "";
			projectRoot = "";
			targets = (
				F16DCBA71E3A779E0090591F /* AspirinKit iOS */,
				F16DCBB51E3A77D60090591F /* AspirinKit watchOS */,
				F16DCBC21E3A77E40090591F /* AspirinKit tvOS */,
				F16DCBCF1E3A77F20090591F /* AspirinKit macOS */,
				F16DCBFC1E3A7ED70090591F /* AspirinKit iOS Tests */,
			);
		};
/* End PBXProject section */

/* Begin PBXResourcesBuildPhase section */
		F16DCBA61E3A779E0090591F /* Resources */ = {
			isa = PBXResourcesBuildPhase;
			buildActionMask = 2147483647;
			files = (
			);
			runOnlyForDeploymentPostprocessing = 0;
		};
		F16DCBB41E3A77D60090591F /* Resources */ = {
			isa = PBXResourcesBuildPhase;
			buildActionMask = 2147483647;
			files = (
			);
			runOnlyForDeploymentPostprocessing = 0;
		};
		F16DCBC11E3A77E40090591F /* Resources */ = {
			isa = PBXResourcesBuildPhase;
			buildActionMask = 2147483647;
			files = (
			);
			runOnlyForDeploymentPostprocessing = 0;
		};
		F16DCBCE1E3A77F20090591F /* Resources */ = {
			isa = PBXResourcesBuildPhase;
			buildActionMask = 2147483647;
			files = (
			);
			runOnlyForDeploymentPostprocessing = 0;
		};
		F16DCBFB1E3A7ED70090591F /* Resources */ = {
			isa = PBXResourcesBuildPhase;
			buildActionMask = 2147483647;
			files = (
			);
			runOnlyForDeploymentPostprocessing = 0;
		};
/* End PBXResourcesBuildPhase section */

/* Begin PBXShellScriptBuildPhase section */
		F11E773A1EAA7651002FBCA8 /* Update Version */ = {
			isa = PBXShellScriptBuildPhase;
			buildActionMask = 2147483647;
			files = (
			);
			inputPaths = (
			);
			name = "Update Version";
			outputPaths = (
			);
			runOnlyForDeploymentPostprocessing = 0;
			shellPath = /bin/bash;
			shellScript = "bash update-version.sh --plist=\"Sources/Supporting Files/Info-iOS.plist\"\n";
		};
		F11E773B1EAA76C5002FBCA8 /* Update Version */ = {
			isa = PBXShellScriptBuildPhase;
			buildActionMask = 2147483647;
			files = (
			);
			inputPaths = (
			);
			name = "Update Version";
			outputPaths = (
			);
			runOnlyForDeploymentPostprocessing = 0;
			shellPath = /bin/bash;
			shellScript = "bash update-version.sh --plist=\"Sources/Supporting Files/Info-iOS.plist\"";
		};
		F11E773C1EAA773E002FBCA8 /* Update Version */ = {
			isa = PBXShellScriptBuildPhase;
			buildActionMask = 2147483647;
			files = (
			);
			inputPaths = (
			);
			name = "Update Version";
			outputPaths = (
			);
			runOnlyForDeploymentPostprocessing = 0;
			shellPath = /bin/bash;
			shellScript = "bash update-version.sh --plist=\"Sources/Supporting Files/Info-iOS.plist\"";
		};
		F11E773D1EAA7768002FBCA8 /* Update Version */ = {
			isa = PBXShellScriptBuildPhase;
			buildActionMask = 2147483647;
			files = (
			);
			inputPaths = (
			);
			name = "Update Version";
			outputPaths = (
			);
			runOnlyForDeploymentPostprocessing = 0;
			shellPath = /bin/bash;
			shellScript = "bash update-version.sh --plist=\"Sources/Supporting Files/Info-iOS.plist\"";
		};
/* End PBXShellScriptBuildPhase section */

/* Begin PBXSourcesBuildPhase section */
		F16DCBA31E3A779E0090591F /* Sources */ = {
			isa = PBXSourcesBuildPhase;
			buildActionMask = 2147483647;
			files = (
				F1F4238E1E4CFD9600E631F4 /* Angle.swift in Sources */,
				F1E845041E4A617F000EABBF /* Array.swift in Sources */,
				F16583F81E4FA6E800AE78F4 /* Benchmarks.swift in Sources */,
				F10D247D1EAA694500648118 /* Bundle.swift in Sources */,
				F16584501E53ABCB00AE78F4 /* CATransform3D.swift in Sources */,
				F16DCBF01E3A7B450090591F /* CGTypes.swift in Sources */,
				F1F423931E4CFDBD00E631F4 /* BaseTypes.swift in Sources */,
				F16584411E53A22A00AE78F4 /* Counter.swift in Sources */,
				F10D24671EAA661B00648118 /* Device.swift in Sources */,
				F15924881E9DA9BF00CF55F9 /* Dictionary.swift in Sources */,
				F17B3D101E3E74E90067936B /* FileManager.swift in Sources */,
				F16583FD1E4FA71D00AE78F4 /* MachSystemClock.swift in Sources */,
				F165845B1E53ACEB00AE78F4 /* SceneKit_iOS.swift in Sources */,
				F165843C1E53A05400AE78F4 /* SCNMaterial.swift in Sources */,
				F16584371E539EC200AE78F4 /* SCNNode.swift in Sources */,
				F16584461E53A9FC00AE78F4 /* SCNPhysicsContact.swift in Sources */,
				F16584551E53AC8500AE78F4 /* SCNVector.swift in Sources */,
				F16584321E539E2900AE78F4 /* SCNTransaction.swift in Sources */,
				F165844B1E53AB0600AE78F4 /* SKNode.swift in Sources */,
				F1E844F51E4A50A8000EABBF /* SKColor.swift in Sources */,
				F1E844FA1E4A577B000EABBF /* String.swift in Sources */,
				F1E844FF1E4A6166000EABBF /* Thread.swift in Sources */,
				F10D24721EAA677100648118 /* UIView.swift in Sources */,
				F10D24751EAA677100648118 /* UIViewController.swift in Sources */,
				F10D24791EAA678800648118 /* UIApplication.swift in Sources */,
				F17B3D0B1E3E71180067936B /* Video.swift in Sources */,
			);
			runOnlyForDeploymentPostprocessing = 0;
		};
		F16DCBB11E3A77D60090591F /* Sources */ = {
			isa = PBXSourcesBuildPhase;
			buildActionMask = 2147483647;
			files = (
				F1F423941E4CFDBD00E631F4 /* BaseTypes.swift in Sources */,
				F1E844F61E4A50A8000EABBF /* SKColor.swift in Sources */,
				F15924891E9DA9BF00CF55F9 /* Dictionary.swift in Sources */,
				F1E845001E4A6166000EABBF /* Thread.swift in Sources */,
				F1F4238F1E4CFD9600E631F4 /* Angle.swift in Sources */,
				F16583FE1E4FA71D00AE78F4 /* MachSystemClock.swift in Sources */,
				F16584331E539E2900AE78F4 /* SCNTransaction.swift in Sources */,
				F16584421E53A22A00AE78F4 /* Counter.swift in Sources */,
				F16DCBF11E3A7B450090591F /* CGTypes.swift in Sources */,
				F16584561E53AC8500AE78F4 /* SCNVector.swift in Sources */,
				F10D247E1EAA694500648118 /* Bundle.swift in Sources */,
				F1E845051E4A617F000EABBF /* Array.swift in Sources */,
				F16583F91E4FA6E800AE78F4 /* Benchmarks.swift in Sources */,
				F1E844FB1E4A577B000EABBF /* String.swift in Sources */,
				F165844C1E53AB0600AE78F4 /* SKNode.swift in Sources */,
				F16584471E53A9FC00AE78F4 /* SCNPhysicsContact.swift in Sources */,
				F16584381E539EC200AE78F4 /* SCNNode.swift in Sources */,
				F165843D1E53A05400AE78F4 /* SCNMaterial.swift in Sources */,
				F17B3D111E3E74E90067936B /* FileManager.swift in Sources */,
				F165845C1E53ACEB00AE78F4 /* SceneKit_iOS.swift in Sources */,
			);
			runOnlyForDeploymentPostprocessing = 0;
		};
		F16DCBBE1E3A77E40090591F /* Sources */ = {
			isa = PBXSourcesBuildPhase;
			buildActionMask = 2147483647;
			files = (
				F16584391E539EC200AE78F4 /* SCNNode.swift in Sources */,
				F1F423901E4CFD9600E631F4 /* Angle.swift in Sources */,
				F1E845061E4A617F000EABBF /* Array.swift in Sources */,
				F16DCBF71E3A7BD40090591F /* NSLayoutConstraint.swift in Sources */,
				F16584481E53A9FC00AE78F4 /* SCNPhysicsContact.swift in Sources */,
				F10D24741EAA677100648118 /* UIView.swift in Sources */,
				F159244E1E9D9B8E00CF55F9 /* UIViewController.swift in Sources */,
				F16584571E53AC8500AE78F4 /* SCNVector.swift in Sources */,
				F16DCBF21E3A7B450090591F /* CGTypes.swift in Sources */,
				F16584341E539E2900AE78F4 /* SCNTransaction.swift in Sources */,
				F16584431E53A22A00AE78F4 /* Counter.swift in Sources */,
				F10D247F1EAA694500648118 /* Bundle.swift in Sources */,
				F1F423951E4CFDBD00E631F4 /* BaseTypes.swift in Sources */,
				F17B3D0C1E3E71180067936B /* Video.swift in Sources */,
				F17B3D121E3E74E90067936B /* FileManager.swift in Sources */,
				F1E844FC1E4A577B000EABBF /* String.swift in Sources */,
				F16583FA1E4FA6E800AE78F4 /* Benchmarks.swift in Sources */,
				F1E845011E4A6166000EABBF /* Thread.swift in Sources */,
				F159248A1E9DA9BF00CF55F9 /* Dictionary.swift in Sources */,
				F165844D1E53AB0600AE78F4 /* SKNode.swift in Sources */,
				F10D247B1EAA678800648118 /* UIApplication.swift in Sources */,
				F1E844F71E4A50A8000EABBF /* SKColor.swift in Sources */,
				F16584521E53ABCB00AE78F4 /* CATransform3D.swift in Sources */,
				F165845D1E53ACEB00AE78F4 /* SceneKit_iOS.swift in Sources */,
				F16583FF1E4FA71D00AE78F4 /* MachSystemClock.swift in Sources */,
				F165843E1E53A05400AE78F4 /* SCNMaterial.swift in Sources */,
				F10D24691EAA661B00648118 /* Device.swift in Sources */,
			);
			runOnlyForDeploymentPostprocessing = 0;
		};
		F16DCBCB1E3A77F20090591F /* Sources */ = {
			isa = PBXSourcesBuildPhase;
			buildActionMask = 2147483647;
			files = (
				F16DCBF31E3A7B450090591F /* CGTypes.swift in Sources */,
				F10D24801EAA694500648118 /* Bundle.swift in Sources */,
				F16584621E53ACEB00AE78F4 /* SceneKit_macOS.swift in Sources */,
				F165843A1E539EC200AE78F4 /* SCNNode.swift in Sources */,
				F1F423911E4CFD9600E631F4 /* Angle.swift in Sources */,
				F1E845021E4A6166000EABBF /* Thread.swift in Sources */,
				F1E845071E4A617F000EABBF /* Array.swift in Sources */,
				F16584491E53A9FC00AE78F4 /* SCNPhysicsContact.swift in Sources */,
				F16584581E53AC8500AE78F4 /* SCNVector.swift in Sources */,
				F1E844F81E4A50A8000EABBF /* SKColor.swift in Sources */,
				F16584351E539E2900AE78F4 /* SCNTransaction.swift in Sources */,
				F16584441E53A22A00AE78F4 /* Counter.swift in Sources */,
				F1F423961E4CFDBD00E631F4 /* BaseTypes.swift in Sources */,
				F1E8450C1E4A628E000EABBF /* Keyboard.swift in Sources */,
				F1E844FD1E4A577B000EABBF /* String.swift in Sources */,
				F1E8450A1E4A6253000EABBF /* NSMenu.swift in Sources */,
				F16583FB1E4FA6E800AE78F4 /* Benchmarks.swift in Sources */,
				F17B3D0D1E3E71180067936B /* Video.swift in Sources */,
				F159248B1E9DA9BF00CF55F9 /* Dictionary.swift in Sources */,
				F165844E1E53AB0600AE78F4 /* SKNode.swift in Sources */,
				F17B3D131E3E74E90067936B /* FileManager.swift in Sources */,
				F159244A1E9D8E7E00CF55F9 /* NSApplicationDelegate.swift in Sources */,
				F16584531E53ABCB00AE78F4 /* CATransform3D.swift in Sources */,
				F16584001E4FA71D00AE78F4 /* MachSystemClock.swift in Sources */,
				F165843F1E53A05400AE78F4 /* SCNMaterial.swift in Sources */,
				F10D246A1EAA661B00648118 /* Device.swift in Sources */,
			);
			runOnlyForDeploymentPostprocessing = 0;
		};
		F16DCBF91E3A7ED70090591F /* Sources */ = {
			isa = PBXSourcesBuildPhase;
			buildActionMask = 2147483647;
			files = (
				F16DCC001E3A7ED70090591F /* AspirinKit_iOS_Tests.swift in Sources */,
			);
			runOnlyForDeploymentPostprocessing = 0;
		};
/* End PBXSourcesBuildPhase section */

/* Begin PBXTargetDependency section */
		F16DCC041E3A7ED70090591F /* PBXTargetDependency */ = {
			isa = PBXTargetDependency;
			target = F16DCBA71E3A779E0090591F /* AspirinKit iOS */;
			targetProxy = F16DCC031E3A7ED70090591F /* PBXContainerItemProxy */;
		};
/* End PBXTargetDependency section */

/* Begin XCBuildConfiguration section */
		F16DCBA11E3A776D0090591F /* Debug */ = {
			isa = XCBuildConfiguration;
			buildSettings = {
				APPLICATION_EXTENSION_API_ONLY = YES;
				CLANG_WARN_BOOL_CONVERSION = YES;
				CLANG_WARN_CONSTANT_CONVERSION = YES;
				CLANG_WARN_EMPTY_BODY = YES;
				CLANG_WARN_ENUM_CONVERSION = YES;
				CLANG_WARN_INFINITE_RECURSION = YES;
				CLANG_WARN_INT_CONVERSION = YES;
				CLANG_WARN_SUSPICIOUS_MOVE = YES;
				CLANG_WARN_UNREACHABLE_CODE = YES;
				CLANG_WARN__DUPLICATE_METHOD_MATCH = YES;
				ENABLE_STRICT_OBJC_MSGSEND = YES;
				ENABLE_TESTABILITY = YES;
				GCC_NO_COMMON_BLOCKS = YES;
				GCC_WARN_64_TO_32_BIT_CONVERSION = YES;
				GCC_WARN_ABOUT_RETURN_TYPE = YES;
				GCC_WARN_UNDECLARED_SELECTOR = YES;
				GCC_WARN_UNINITIALIZED_AUTOS = YES;
				GCC_WARN_UNUSED_FUNCTION = YES;
				GCC_WARN_UNUSED_VARIABLE = YES;
				ONLY_ACTIVE_ARCH = YES;
			};
			name = Debug;
		};
		F16DCBA21E3A776D0090591F /* Release */ = {
			isa = XCBuildConfiguration;
			buildSettings = {
				APPLICATION_EXTENSION_API_ONLY = YES;
				CLANG_WARN_BOOL_CONVERSION = YES;
				CLANG_WARN_CONSTANT_CONVERSION = YES;
				CLANG_WARN_EMPTY_BODY = YES;
				CLANG_WARN_ENUM_CONVERSION = YES;
				CLANG_WARN_INFINITE_RECURSION = YES;
				CLANG_WARN_INT_CONVERSION = YES;
				CLANG_WARN_SUSPICIOUS_MOVE = YES;
				CLANG_WARN_UNREACHABLE_CODE = YES;
				CLANG_WARN__DUPLICATE_METHOD_MATCH = YES;
				ENABLE_STRICT_OBJC_MSGSEND = YES;
				GCC_NO_COMMON_BLOCKS = YES;
				GCC_WARN_64_TO_32_BIT_CONVERSION = YES;
				GCC_WARN_ABOUT_RETURN_TYPE = YES;
				GCC_WARN_UNDECLARED_SELECTOR = YES;
				GCC_WARN_UNINITIALIZED_AUTOS = YES;
				GCC_WARN_UNUSED_FUNCTION = YES;
				GCC_WARN_UNUSED_VARIABLE = YES;
			};
			name = Release;
		};
		F16DCBAF1E3A779E0090591F /* Debug */ = {
			isa = XCBuildConfiguration;
			buildSettings = {
				ALWAYS_SEARCH_USER_PATHS = NO;
				CLANG_ANALYZER_NONNULL = YES;
				CLANG_CXX_LANGUAGE_STANDARD = "gnu++0x";
				CLANG_CXX_LIBRARY = "libc++";
				CLANG_ENABLE_MODULES = YES;
				CLANG_ENABLE_OBJC_ARC = YES;
				CLANG_WARN_BOOL_CONVERSION = YES;
				CLANG_WARN_CONSTANT_CONVERSION = YES;
				CLANG_WARN_DIRECT_OBJC_ISA_USAGE = YES_ERROR;
				CLANG_WARN_DOCUMENTATION_COMMENTS = YES;
				CLANG_WARN_EMPTY_BODY = YES;
				CLANG_WARN_ENUM_CONVERSION = YES;
				CLANG_WARN_INFINITE_RECURSION = YES;
				CLANG_WARN_INT_CONVERSION = YES;
				CLANG_WARN_OBJC_ROOT_CLASS = YES_ERROR;
				CLANG_WARN_SUSPICIOUS_MOVE = YES;
				CLANG_WARN_UNREACHABLE_CODE = YES;
				CLANG_WARN__DUPLICATE_METHOD_MATCH = YES;
				CODE_SIGN_IDENTITY = "";
				"CODE_SIGN_IDENTITY[sdk=iphoneos*]" = "";
				COPY_PHASE_STRIP = NO;
				CURRENT_PROJECT_VERSION = 1;
				DEBUG_INFORMATION_FORMAT = dwarf;
				DEFINES_MODULE = YES;
				DEVELOPMENT_TEAM = 596FA9S4A7;
				DYLIB_COMPATIBILITY_VERSION = 1;
				DYLIB_CURRENT_VERSION = 1;
				DYLIB_INSTALL_NAME_BASE = "@rpath";
				ENABLE_STRICT_OBJC_MSGSEND = YES;
				ENABLE_TESTABILITY = YES;
				GCC_C_LANGUAGE_STANDARD = gnu99;
				GCC_DYNAMIC_NO_PIC = NO;
				GCC_NO_COMMON_BLOCKS = YES;
				GCC_OPTIMIZATION_LEVEL = 0;
				GCC_PREPROCESSOR_DEFINITIONS = (
					"DEBUG=1",
					"$(inherited)",
				);
				GCC_WARN_64_TO_32_BIT_CONVERSION = YES;
				GCC_WARN_ABOUT_RETURN_TYPE = YES_ERROR;
				GCC_WARN_UNDECLARED_SELECTOR = YES;
				GCC_WARN_UNINITIALIZED_AUTOS = YES_AGGRESSIVE;
				GCC_WARN_UNUSED_FUNCTION = YES;
				GCC_WARN_UNUSED_VARIABLE = YES;
				INFOPLIST_FILE = "Sources/Supporting Files/Info-iOS.plist";
				INSTALL_PATH = "$(LOCAL_LIBRARY_DIR)/Frameworks";
				IPHONEOS_DEPLOYMENT_TARGET = 9.0;
				LD_RUNPATH_SEARCH_PATHS = "$(inherited) @executable_path/Frameworks @loader_path/Frameworks";
				MTL_ENABLE_DEBUG_INFO = YES;
				ONLY_ACTIVE_ARCH = YES;
				PRODUCT_BUNDLE_IDENTIFIER = "com.webelectric.AspirinKit-iOS";
				PRODUCT_NAME = AspirinKit;
				SDKROOT = iphoneos;
				SKIP_INSTALL = YES;
				SWIFT_ACTIVE_COMPILATION_CONDITIONS = DEBUG;
				SWIFT_OPTIMIZATION_LEVEL = "-Onone";
				SWIFT_VERSION = 3.0;
				TARGETED_DEVICE_FAMILY = "1,2";
				VERSIONING_SYSTEM = "apple-generic";
				VERSION_INFO_PREFIX = "";
			};
			name = Debug;
		};
		F16DCBB01E3A779E0090591F /* Release */ = {
			isa = XCBuildConfiguration;
			buildSettings = {
				ALWAYS_SEARCH_USER_PATHS = NO;
				CLANG_ANALYZER_NONNULL = YES;
				CLANG_CXX_LANGUAGE_STANDARD = "gnu++0x";
				CLANG_CXX_LIBRARY = "libc++";
				CLANG_ENABLE_MODULES = YES;
				CLANG_ENABLE_OBJC_ARC = YES;
				CLANG_WARN_BOOL_CONVERSION = YES;
				CLANG_WARN_CONSTANT_CONVERSION = YES;
				CLANG_WARN_DIRECT_OBJC_ISA_USAGE = YES_ERROR;
				CLANG_WARN_DOCUMENTATION_COMMENTS = YES;
				CLANG_WARN_EMPTY_BODY = YES;
				CLANG_WARN_ENUM_CONVERSION = YES;
				CLANG_WARN_INFINITE_RECURSION = YES;
				CLANG_WARN_INT_CONVERSION = YES;
				CLANG_WARN_OBJC_ROOT_CLASS = YES_ERROR;
				CLANG_WARN_SUSPICIOUS_MOVE = YES;
				CLANG_WARN_UNREACHABLE_CODE = YES;
				CLANG_WARN__DUPLICATE_METHOD_MATCH = YES;
				CODE_SIGN_IDENTITY = "";
				"CODE_SIGN_IDENTITY[sdk=iphoneos*]" = "";
				COPY_PHASE_STRIP = NO;
				CURRENT_PROJECT_VERSION = 1;
				DEBUG_INFORMATION_FORMAT = "dwarf-with-dsym";
				DEFINES_MODULE = YES;
				DEVELOPMENT_TEAM = 596FA9S4A7;
				DYLIB_COMPATIBILITY_VERSION = 1;
				DYLIB_CURRENT_VERSION = 1;
				DYLIB_INSTALL_NAME_BASE = "@rpath";
				ENABLE_NS_ASSERTIONS = NO;
				ENABLE_STRICT_OBJC_MSGSEND = YES;
				GCC_C_LANGUAGE_STANDARD = gnu99;
				GCC_NO_COMMON_BLOCKS = YES;
				GCC_WARN_64_TO_32_BIT_CONVERSION = YES;
				GCC_WARN_ABOUT_RETURN_TYPE = YES_ERROR;
				GCC_WARN_UNDECLARED_SELECTOR = YES;
				GCC_WARN_UNINITIALIZED_AUTOS = YES_AGGRESSIVE;
				GCC_WARN_UNUSED_FUNCTION = YES;
				GCC_WARN_UNUSED_VARIABLE = YES;
				INFOPLIST_FILE = "Sources/Supporting Files/Info-iOS.plist";
				INSTALL_PATH = "$(LOCAL_LIBRARY_DIR)/Frameworks";
				IPHONEOS_DEPLOYMENT_TARGET = 9.0;
				LD_RUNPATH_SEARCH_PATHS = "$(inherited) @executable_path/Frameworks @loader_path/Frameworks";
				MTL_ENABLE_DEBUG_INFO = NO;
				PRODUCT_BUNDLE_IDENTIFIER = "com.webelectric.AspirinKit-iOS";
				PRODUCT_NAME = AspirinKit;
				SDKROOT = iphoneos;
				SKIP_INSTALL = YES;
				SWIFT_OPTIMIZATION_LEVEL = "-Owholemodule";
				SWIFT_VERSION = 3.0;
				TARGETED_DEVICE_FAMILY = "1,2";
				VALIDATE_PRODUCT = YES;
				VERSIONING_SYSTEM = "apple-generic";
				VERSION_INFO_PREFIX = "";
			};
			name = Release;
		};
		F16DCBBC1E3A77D60090591F /* Debug */ = {
			isa = XCBuildConfiguration;
			buildSettings = {
				ALWAYS_SEARCH_USER_PATHS = NO;
				APPLICATION_EXTENSION_API_ONLY = YES;
				CLANG_ANALYZER_NONNULL = YES;
				CLANG_CXX_LANGUAGE_STANDARD = "gnu++0x";
				CLANG_CXX_LIBRARY = "libc++";
				CLANG_ENABLE_MODULES = YES;
				CLANG_ENABLE_OBJC_ARC = YES;
				CLANG_WARN_BOOL_CONVERSION = YES;
				CLANG_WARN_CONSTANT_CONVERSION = YES;
				CLANG_WARN_DIRECT_OBJC_ISA_USAGE = YES_ERROR;
				CLANG_WARN_DOCUMENTATION_COMMENTS = YES;
				CLANG_WARN_EMPTY_BODY = YES;
				CLANG_WARN_ENUM_CONVERSION = YES;
				CLANG_WARN_INFINITE_RECURSION = YES;
				CLANG_WARN_INT_CONVERSION = YES;
				CLANG_WARN_OBJC_ROOT_CLASS = YES_ERROR;
				CLANG_WARN_SUSPICIOUS_MOVE = YES;
				CLANG_WARN_UNREACHABLE_CODE = YES;
				CLANG_WARN__DUPLICATE_METHOD_MATCH = YES;
				CODE_SIGN_IDENTITY = "";
				COPY_PHASE_STRIP = NO;
				CURRENT_PROJECT_VERSION = 1;
				DEBUG_INFORMATION_FORMAT = dwarf;
				DEFINES_MODULE = YES;
				DEVELOPMENT_TEAM = 596FA9S4A7;
				DYLIB_COMPATIBILITY_VERSION = 1;
				DYLIB_CURRENT_VERSION = 1;
				DYLIB_INSTALL_NAME_BASE = "@rpath";
				ENABLE_STRICT_OBJC_MSGSEND = YES;
				ENABLE_TESTABILITY = YES;
				GCC_C_LANGUAGE_STANDARD = gnu99;
				GCC_DYNAMIC_NO_PIC = NO;
				GCC_NO_COMMON_BLOCKS = YES;
				GCC_OPTIMIZATION_LEVEL = 0;
				GCC_PREPROCESSOR_DEFINITIONS = (
					"DEBUG=1",
					"$(inherited)",
				);
				GCC_WARN_64_TO_32_BIT_CONVERSION = YES;
				GCC_WARN_ABOUT_RETURN_TYPE = YES_ERROR;
				GCC_WARN_UNDECLARED_SELECTOR = YES;
				GCC_WARN_UNINITIALIZED_AUTOS = YES_AGGRESSIVE;
				GCC_WARN_UNUSED_FUNCTION = YES;
				GCC_WARN_UNUSED_VARIABLE = YES;
				INFOPLIST_FILE = "Sources/Supporting Files/Info-watchOS.plist";
				INSTALL_PATH = "$(LOCAL_LIBRARY_DIR)/Frameworks";
				LD_RUNPATH_SEARCH_PATHS = "$(inherited) @executable_path/Frameworks @loader_path/Frameworks";
				MTL_ENABLE_DEBUG_INFO = YES;
				ONLY_ACTIVE_ARCH = YES;
				PRODUCT_BUNDLE_IDENTIFIER = "com.webelectric.AspirinKit-watchOS";
				PRODUCT_NAME = AspirinKit;
				SDKROOT = watchos;
				SKIP_INSTALL = YES;
				SWIFT_ACTIVE_COMPILATION_CONDITIONS = DEBUG;
				SWIFT_OPTIMIZATION_LEVEL = "-Onone";
				SWIFT_VERSION = 3.0;
				TARGETED_DEVICE_FAMILY = 4;
				VERSIONING_SYSTEM = "apple-generic";
				VERSION_INFO_PREFIX = "";
				WATCHOS_DEPLOYMENT_TARGET = 3.0;
			};
			name = Debug;
		};
		F16DCBBD1E3A77D60090591F /* Release */ = {
			isa = XCBuildConfiguration;
			buildSettings = {
				ALWAYS_SEARCH_USER_PATHS = NO;
				APPLICATION_EXTENSION_API_ONLY = YES;
				CLANG_ANALYZER_NONNULL = YES;
				CLANG_CXX_LANGUAGE_STANDARD = "gnu++0x";
				CLANG_CXX_LIBRARY = "libc++";
				CLANG_ENABLE_MODULES = YES;
				CLANG_ENABLE_OBJC_ARC = YES;
				CLANG_WARN_BOOL_CONVERSION = YES;
				CLANG_WARN_CONSTANT_CONVERSION = YES;
				CLANG_WARN_DIRECT_OBJC_ISA_USAGE = YES_ERROR;
				CLANG_WARN_DOCUMENTATION_COMMENTS = YES;
				CLANG_WARN_EMPTY_BODY = YES;
				CLANG_WARN_ENUM_CONVERSION = YES;
				CLANG_WARN_INFINITE_RECURSION = YES;
				CLANG_WARN_INT_CONVERSION = YES;
				CLANG_WARN_OBJC_ROOT_CLASS = YES_ERROR;
				CLANG_WARN_SUSPICIOUS_MOVE = YES;
				CLANG_WARN_UNREACHABLE_CODE = YES;
				CLANG_WARN__DUPLICATE_METHOD_MATCH = YES;
				CODE_SIGN_IDENTITY = "";
				COPY_PHASE_STRIP = NO;
				CURRENT_PROJECT_VERSION = 1;
				DEBUG_INFORMATION_FORMAT = "dwarf-with-dsym";
				DEFINES_MODULE = YES;
				DEVELOPMENT_TEAM = 596FA9S4A7;
				DYLIB_COMPATIBILITY_VERSION = 1;
				DYLIB_CURRENT_VERSION = 1;
				DYLIB_INSTALL_NAME_BASE = "@rpath";
				ENABLE_NS_ASSERTIONS = NO;
				ENABLE_STRICT_OBJC_MSGSEND = YES;
				GCC_C_LANGUAGE_STANDARD = gnu99;
				GCC_NO_COMMON_BLOCKS = YES;
				GCC_WARN_64_TO_32_BIT_CONVERSION = YES;
				GCC_WARN_ABOUT_RETURN_TYPE = YES_ERROR;
				GCC_WARN_UNDECLARED_SELECTOR = YES;
				GCC_WARN_UNINITIALIZED_AUTOS = YES_AGGRESSIVE;
				GCC_WARN_UNUSED_FUNCTION = YES;
				GCC_WARN_UNUSED_VARIABLE = YES;
				INFOPLIST_FILE = "Sources/Supporting Files/Info-watchOS.plist";
				INSTALL_PATH = "$(LOCAL_LIBRARY_DIR)/Frameworks";
				LD_RUNPATH_SEARCH_PATHS = "$(inherited) @executable_path/Frameworks @loader_path/Frameworks";
				MTL_ENABLE_DEBUG_INFO = NO;
				PRODUCT_BUNDLE_IDENTIFIER = "com.webelectric.AspirinKit-watchOS";
				PRODUCT_NAME = AspirinKit;
				SDKROOT = watchos;
				SKIP_INSTALL = YES;
				SWIFT_OPTIMIZATION_LEVEL = "-Owholemodule";
				SWIFT_VERSION = 3.0;
				TARGETED_DEVICE_FAMILY = 4;
				VALIDATE_PRODUCT = YES;
				VERSIONING_SYSTEM = "apple-generic";
				VERSION_INFO_PREFIX = "";
				WATCHOS_DEPLOYMENT_TARGET = 3.0;
			};
			name = Release;
		};
		F16DCBC91E3A77E50090591F /* Debug */ = {
			isa = XCBuildConfiguration;
			buildSettings = {
				ALWAYS_SEARCH_USER_PATHS = NO;
				CLANG_ANALYZER_NONNULL = YES;
				CLANG_CXX_LANGUAGE_STANDARD = "gnu++0x";
				CLANG_CXX_LIBRARY = "libc++";
				CLANG_ENABLE_MODULES = YES;
				CLANG_ENABLE_OBJC_ARC = YES;
				CLANG_WARN_BOOL_CONVERSION = YES;
				CLANG_WARN_CONSTANT_CONVERSION = YES;
				CLANG_WARN_DIRECT_OBJC_ISA_USAGE = YES_ERROR;
				CLANG_WARN_DOCUMENTATION_COMMENTS = YES;
				CLANG_WARN_EMPTY_BODY = YES;
				CLANG_WARN_ENUM_CONVERSION = YES;
				CLANG_WARN_INFINITE_RECURSION = YES;
				CLANG_WARN_INT_CONVERSION = YES;
				CLANG_WARN_OBJC_ROOT_CLASS = YES_ERROR;
				CLANG_WARN_SUSPICIOUS_MOVE = YES;
				CLANG_WARN_UNREACHABLE_CODE = YES;
				CLANG_WARN__DUPLICATE_METHOD_MATCH = YES;
				CODE_SIGN_IDENTITY = "";
				COPY_PHASE_STRIP = NO;
				CURRENT_PROJECT_VERSION = 1;
				DEBUG_INFORMATION_FORMAT = dwarf;
				DEFINES_MODULE = YES;
				DEVELOPMENT_TEAM = 596FA9S4A7;
				DYLIB_COMPATIBILITY_VERSION = 1;
				DYLIB_CURRENT_VERSION = 1;
				DYLIB_INSTALL_NAME_BASE = "@rpath";
				ENABLE_STRICT_OBJC_MSGSEND = YES;
				ENABLE_TESTABILITY = YES;
				GCC_C_LANGUAGE_STANDARD = gnu99;
				GCC_DYNAMIC_NO_PIC = NO;
				GCC_NO_COMMON_BLOCKS = YES;
				GCC_OPTIMIZATION_LEVEL = 0;
				GCC_PREPROCESSOR_DEFINITIONS = (
					"DEBUG=1",
					"$(inherited)",
				);
				GCC_WARN_64_TO_32_BIT_CONVERSION = YES;
				GCC_WARN_ABOUT_RETURN_TYPE = YES_ERROR;
				GCC_WARN_UNDECLARED_SELECTOR = YES;
				GCC_WARN_UNINITIALIZED_AUTOS = YES_AGGRESSIVE;
				GCC_WARN_UNUSED_FUNCTION = YES;
				GCC_WARN_UNUSED_VARIABLE = YES;
				INFOPLIST_FILE = "Sources/Supporting Files/Info-tvOS.plist";
				INSTALL_PATH = "$(LOCAL_LIBRARY_DIR)/Frameworks";
				LD_RUNPATH_SEARCH_PATHS = "$(inherited) @executable_path/Frameworks @loader_path/Frameworks";
				MTL_ENABLE_DEBUG_INFO = YES;
				ONLY_ACTIVE_ARCH = YES;
				PRODUCT_BUNDLE_IDENTIFIER = "com.webelectric.AspirinKit-tvOS";
				PRODUCT_NAME = AspirinKit;
				SDKROOT = appletvos;
				SKIP_INSTALL = YES;
				SWIFT_ACTIVE_COMPILATION_CONDITIONS = DEBUG;
				SWIFT_OPTIMIZATION_LEVEL = "-Onone";
				SWIFT_VERSION = 3.0;
				TARGETED_DEVICE_FAMILY = 3;
				TVOS_DEPLOYMENT_TARGET = 10.0;
				VERSIONING_SYSTEM = "apple-generic";
				VERSION_INFO_PREFIX = "";
			};
			name = Debug;
		};
		F16DCBCA1E3A77E50090591F /* Release */ = {
			isa = XCBuildConfiguration;
			buildSettings = {
				ALWAYS_SEARCH_USER_PATHS = NO;
				CLANG_ANALYZER_NONNULL = YES;
				CLANG_CXX_LANGUAGE_STANDARD = "gnu++0x";
				CLANG_CXX_LIBRARY = "libc++";
				CLANG_ENABLE_MODULES = YES;
				CLANG_ENABLE_OBJC_ARC = YES;
				CLANG_WARN_BOOL_CONVERSION = YES;
				CLANG_WARN_CONSTANT_CONVERSION = YES;
				CLANG_WARN_DIRECT_OBJC_ISA_USAGE = YES_ERROR;
				CLANG_WARN_DOCUMENTATION_COMMENTS = YES;
				CLANG_WARN_EMPTY_BODY = YES;
				CLANG_WARN_ENUM_CONVERSION = YES;
				CLANG_WARN_INFINITE_RECURSION = YES;
				CLANG_WARN_INT_CONVERSION = YES;
				CLANG_WARN_OBJC_ROOT_CLASS = YES_ERROR;
				CLANG_WARN_SUSPICIOUS_MOVE = YES;
				CLANG_WARN_UNREACHABLE_CODE = YES;
				CLANG_WARN__DUPLICATE_METHOD_MATCH = YES;
				CODE_SIGN_IDENTITY = "";
				COPY_PHASE_STRIP = NO;
				CURRENT_PROJECT_VERSION = 1;
				DEBUG_INFORMATION_FORMAT = "dwarf-with-dsym";
				DEFINES_MODULE = YES;
				DEVELOPMENT_TEAM = 596FA9S4A7;
				DYLIB_COMPATIBILITY_VERSION = 1;
				DYLIB_CURRENT_VERSION = 1;
				DYLIB_INSTALL_NAME_BASE = "@rpath";
				ENABLE_NS_ASSERTIONS = NO;
				ENABLE_STRICT_OBJC_MSGSEND = YES;
				GCC_C_LANGUAGE_STANDARD = gnu99;
				GCC_NO_COMMON_BLOCKS = YES;
				GCC_WARN_64_TO_32_BIT_CONVERSION = YES;
				GCC_WARN_ABOUT_RETURN_TYPE = YES_ERROR;
				GCC_WARN_UNDECLARED_SELECTOR = YES;
				GCC_WARN_UNINITIALIZED_AUTOS = YES_AGGRESSIVE;
				GCC_WARN_UNUSED_FUNCTION = YES;
				GCC_WARN_UNUSED_VARIABLE = YES;
				INFOPLIST_FILE = "Sources/Supporting Files/Info-tvOS.plist";
				INSTALL_PATH = "$(LOCAL_LIBRARY_DIR)/Frameworks";
				LD_RUNPATH_SEARCH_PATHS = "$(inherited) @executable_path/Frameworks @loader_path/Frameworks";
				MTL_ENABLE_DEBUG_INFO = NO;
				PRODUCT_BUNDLE_IDENTIFIER = "com.webelectric.AspirinKit-tvOS";
				PRODUCT_NAME = AspirinKit;
				SDKROOT = appletvos;
				SKIP_INSTALL = YES;
				SWIFT_OPTIMIZATION_LEVEL = "-Owholemodule";
				SWIFT_VERSION = 3.0;
				TARGETED_DEVICE_FAMILY = 3;
				TVOS_DEPLOYMENT_TARGET = 10.0;
				VALIDATE_PRODUCT = YES;
				VERSIONING_SYSTEM = "apple-generic";
				VERSION_INFO_PREFIX = "";
			};
			name = Release;
		};
		F16DCBD61E3A77F30090591F /* Debug */ = {
			isa = XCBuildConfiguration;
			buildSettings = {
				ALWAYS_SEARCH_USER_PATHS = NO;
				CLANG_ANALYZER_NONNULL = YES;
				CLANG_CXX_LANGUAGE_STANDARD = "gnu++0x";
				CLANG_CXX_LIBRARY = "libc++";
				CLANG_ENABLE_MODULES = YES;
				CLANG_ENABLE_OBJC_ARC = YES;
				CLANG_WARN_BOOL_CONVERSION = YES;
				CLANG_WARN_CONSTANT_CONVERSION = YES;
				CLANG_WARN_DIRECT_OBJC_ISA_USAGE = YES_ERROR;
				CLANG_WARN_DOCUMENTATION_COMMENTS = YES;
				CLANG_WARN_EMPTY_BODY = YES;
				CLANG_WARN_ENUM_CONVERSION = YES;
				CLANG_WARN_INFINITE_RECURSION = YES;
				CLANG_WARN_INT_CONVERSION = YES;
				CLANG_WARN_OBJC_ROOT_CLASS = YES_ERROR;
				CLANG_WARN_SUSPICIOUS_MOVE = YES;
				CLANG_WARN_UNREACHABLE_CODE = YES;
				CLANG_WARN__DUPLICATE_METHOD_MATCH = YES;
				CODE_SIGN_IDENTITY = "-";
				COMBINE_HIDPI_IMAGES = YES;
				COPY_PHASE_STRIP = NO;
				CURRENT_PROJECT_VERSION = 1;
				DEBUG_INFORMATION_FORMAT = dwarf;
				DEFINES_MODULE = YES;
				DEVELOPMENT_TEAM = 596FA9S4A7;
				DYLIB_COMPATIBILITY_VERSION = 1;
				DYLIB_CURRENT_VERSION = 1;
				DYLIB_INSTALL_NAME_BASE = "@rpath";
				ENABLE_STRICT_OBJC_MSGSEND = YES;
				ENABLE_TESTABILITY = YES;
				FRAMEWORK_VERSION = A;
				GCC_C_LANGUAGE_STANDARD = gnu99;
				GCC_DYNAMIC_NO_PIC = NO;
				GCC_NO_COMMON_BLOCKS = YES;
				GCC_OPTIMIZATION_LEVEL = 0;
				GCC_PREPROCESSOR_DEFINITIONS = (
					"DEBUG=1",
					"$(inherited)",
				);
				GCC_WARN_64_TO_32_BIT_CONVERSION = YES;
				GCC_WARN_ABOUT_RETURN_TYPE = YES_ERROR;
				GCC_WARN_UNDECLARED_SELECTOR = YES;
				GCC_WARN_UNINITIALIZED_AUTOS = YES_AGGRESSIVE;
				GCC_WARN_UNUSED_FUNCTION = YES;
				GCC_WARN_UNUSED_VARIABLE = YES;
				INFOPLIST_FILE = "Sources/Supporting Files/Info-macOS.plist";
				INSTALL_PATH = "$(LOCAL_LIBRARY_DIR)/Frameworks";
				LD_RUNPATH_SEARCH_PATHS = "$(inherited) @executable_path/../Frameworks @loader_path/Frameworks";
				MACOSX_DEPLOYMENT_TARGET = 10.12;
				MTL_ENABLE_DEBUG_INFO = YES;
				ONLY_ACTIVE_ARCH = YES;
				PRODUCT_BUNDLE_IDENTIFIER = "com.webelectric.AspirinKit-macOS";
				PRODUCT_NAME = AspirinKit;
				SDKROOT = macosx;
				SKIP_INSTALL = YES;
				SWIFT_ACTIVE_COMPILATION_CONDITIONS = DEBUG;
				SWIFT_OPTIMIZATION_LEVEL = "-Onone";
				SWIFT_VERSION = 3.0;
				VERSIONING_SYSTEM = "apple-generic";
				VERSION_INFO_PREFIX = "";
			};
			name = Debug;
		};
		F16DCBD71E3A77F30090591F /* Release */ = {
			isa = XCBuildConfiguration;
			buildSettings = {
				ALWAYS_SEARCH_USER_PATHS = NO;
				CLANG_ANALYZER_NONNULL = YES;
				CLANG_CXX_LANGUAGE_STANDARD = "gnu++0x";
				CLANG_CXX_LIBRARY = "libc++";
				CLANG_ENABLE_MODULES = YES;
				CLANG_ENABLE_OBJC_ARC = YES;
				CLANG_WARN_BOOL_CONVERSION = YES;
				CLANG_WARN_CONSTANT_CONVERSION = YES;
				CLANG_WARN_DIRECT_OBJC_ISA_USAGE = YES_ERROR;
				CLANG_WARN_DOCUMENTATION_COMMENTS = YES;
				CLANG_WARN_EMPTY_BODY = YES;
				CLANG_WARN_ENUM_CONVERSION = YES;
				CLANG_WARN_INFINITE_RECURSION = YES;
				CLANG_WARN_INT_CONVERSION = YES;
				CLANG_WARN_OBJC_ROOT_CLASS = YES_ERROR;
				CLANG_WARN_SUSPICIOUS_MOVE = YES;
				CLANG_WARN_UNREACHABLE_CODE = YES;
				CLANG_WARN__DUPLICATE_METHOD_MATCH = YES;
				CODE_SIGN_IDENTITY = "-";
				COMBINE_HIDPI_IMAGES = YES;
				COPY_PHASE_STRIP = NO;
				CURRENT_PROJECT_VERSION = 1;
				DEBUG_INFORMATION_FORMAT = "dwarf-with-dsym";
				DEFINES_MODULE = YES;
				DEVELOPMENT_TEAM = 596FA9S4A7;
				DYLIB_COMPATIBILITY_VERSION = 1;
				DYLIB_CURRENT_VERSION = 1;
				DYLIB_INSTALL_NAME_BASE = "@rpath";
				ENABLE_NS_ASSERTIONS = NO;
				ENABLE_STRICT_OBJC_MSGSEND = YES;
				FRAMEWORK_VERSION = A;
				GCC_C_LANGUAGE_STANDARD = gnu99;
				GCC_NO_COMMON_BLOCKS = YES;
				GCC_WARN_64_TO_32_BIT_CONVERSION = YES;
				GCC_WARN_ABOUT_RETURN_TYPE = YES_ERROR;
				GCC_WARN_UNDECLARED_SELECTOR = YES;
				GCC_WARN_UNINITIALIZED_AUTOS = YES_AGGRESSIVE;
				GCC_WARN_UNUSED_FUNCTION = YES;
				GCC_WARN_UNUSED_VARIABLE = YES;
				INFOPLIST_FILE = "Sources/Supporting Files/Info-macOS.plist";
				INSTALL_PATH = "$(LOCAL_LIBRARY_DIR)/Frameworks";
				LD_RUNPATH_SEARCH_PATHS = "$(inherited) @executable_path/../Frameworks @loader_path/Frameworks";
				MACOSX_DEPLOYMENT_TARGET = 10.12;
				MTL_ENABLE_DEBUG_INFO = NO;
				PRODUCT_BUNDLE_IDENTIFIER = "com.webelectric.AspirinKit-macOS";
				PRODUCT_NAME = AspirinKit;
				SDKROOT = macosx;
				SKIP_INSTALL = YES;
				SWIFT_OPTIMIZATION_LEVEL = "-Owholemodule";
				SWIFT_VERSION = 3.0;
				VERSIONING_SYSTEM = "apple-generic";
				VERSION_INFO_PREFIX = "";
			};
			name = Release;
		};
		F16DCC051E3A7ED70090591F /* Debug */ = {
			isa = XCBuildConfiguration;
			buildSettings = {
				ALWAYS_SEARCH_USER_PATHS = NO;
				CLANG_ANALYZER_NONNULL = YES;
				CLANG_CXX_LANGUAGE_STANDARD = "gnu++0x";
				CLANG_CXX_LIBRARY = "libc++";
				CLANG_ENABLE_MODULES = YES;
				CLANG_ENABLE_OBJC_ARC = YES;
				CLANG_WARN_BOOL_CONVERSION = YES;
				CLANG_WARN_CONSTANT_CONVERSION = YES;
				CLANG_WARN_DIRECT_OBJC_ISA_USAGE = YES_ERROR;
				CLANG_WARN_DOCUMENTATION_COMMENTS = YES;
				CLANG_WARN_EMPTY_BODY = YES;
				CLANG_WARN_ENUM_CONVERSION = YES;
				CLANG_WARN_INFINITE_RECURSION = YES;
				CLANG_WARN_INT_CONVERSION = YES;
				CLANG_WARN_OBJC_ROOT_CLASS = YES_ERROR;
				CLANG_WARN_SUSPICIOUS_MOVE = YES;
				CLANG_WARN_UNREACHABLE_CODE = YES;
				CLANG_WARN__DUPLICATE_METHOD_MATCH = YES;
				"CODE_SIGN_IDENTITY[sdk=iphoneos*]" = "iPhone Developer";
				COPY_PHASE_STRIP = NO;
				DEBUG_INFORMATION_FORMAT = dwarf;
				DEVELOPMENT_TEAM = 596FA9S4A7;
				ENABLE_STRICT_OBJC_MSGSEND = YES;
				ENABLE_TESTABILITY = YES;
				GCC_C_LANGUAGE_STANDARD = gnu99;
				GCC_DYNAMIC_NO_PIC = NO;
				GCC_NO_COMMON_BLOCKS = YES;
				GCC_OPTIMIZATION_LEVEL = 0;
				GCC_PREPROCESSOR_DEFINITIONS = (
					"DEBUG=1",
					"$(inherited)",
				);
				GCC_WARN_64_TO_32_BIT_CONVERSION = YES;
				GCC_WARN_ABOUT_RETURN_TYPE = YES_ERROR;
				GCC_WARN_UNDECLARED_SELECTOR = YES;
				GCC_WARN_UNINITIALIZED_AUTOS = YES_AGGRESSIVE;
				GCC_WARN_UNUSED_FUNCTION = YES;
				GCC_WARN_UNUSED_VARIABLE = YES;
				INFOPLIST_FILE = "AspirinKit iOS Tests/Info.plist";
				IPHONEOS_DEPLOYMENT_TARGET = 10.2;
				LD_RUNPATH_SEARCH_PATHS = "$(inherited) @executable_path/Frameworks @loader_path/Frameworks";
				MTL_ENABLE_DEBUG_INFO = YES;
				ONLY_ACTIVE_ARCH = YES;
				PRODUCT_BUNDLE_IDENTIFIER = "com.webelectric.AspirinKit-iOS-Tests";
				PRODUCT_NAME = "$(TARGET_NAME)";
				SDKROOT = iphoneos;
				SWIFT_ACTIVE_COMPILATION_CONDITIONS = DEBUG;
				SWIFT_OPTIMIZATION_LEVEL = "-Onone";
				SWIFT_VERSION = 3.0;
			};
			name = Debug;
		};
		F16DCC061E3A7ED70090591F /* Release */ = {
			isa = XCBuildConfiguration;
			buildSettings = {
				ALWAYS_SEARCH_USER_PATHS = NO;
				CLANG_ANALYZER_NONNULL = YES;
				CLANG_CXX_LANGUAGE_STANDARD = "gnu++0x";
				CLANG_CXX_LIBRARY = "libc++";
				CLANG_ENABLE_MODULES = YES;
				CLANG_ENABLE_OBJC_ARC = YES;
				CLANG_WARN_BOOL_CONVERSION = YES;
				CLANG_WARN_CONSTANT_CONVERSION = YES;
				CLANG_WARN_DIRECT_OBJC_ISA_USAGE = YES_ERROR;
				CLANG_WARN_DOCUMENTATION_COMMENTS = YES;
				CLANG_WARN_EMPTY_BODY = YES;
				CLANG_WARN_ENUM_CONVERSION = YES;
				CLANG_WARN_INFINITE_RECURSION = YES;
				CLANG_WARN_INT_CONVERSION = YES;
				CLANG_WARN_OBJC_ROOT_CLASS = YES_ERROR;
				CLANG_WARN_SUSPICIOUS_MOVE = YES;
				CLANG_WARN_UNREACHABLE_CODE = YES;
				CLANG_WARN__DUPLICATE_METHOD_MATCH = YES;
				"CODE_SIGN_IDENTITY[sdk=iphoneos*]" = "iPhone Developer";
				COPY_PHASE_STRIP = NO;
				DEBUG_INFORMATION_FORMAT = "dwarf-with-dsym";
				DEVELOPMENT_TEAM = 596FA9S4A7;
				ENABLE_NS_ASSERTIONS = NO;
				ENABLE_STRICT_OBJC_MSGSEND = YES;
				GCC_C_LANGUAGE_STANDARD = gnu99;
				GCC_NO_COMMON_BLOCKS = YES;
				GCC_WARN_64_TO_32_BIT_CONVERSION = YES;
				GCC_WARN_ABOUT_RETURN_TYPE = YES_ERROR;
				GCC_WARN_UNDECLARED_SELECTOR = YES;
				GCC_WARN_UNINITIALIZED_AUTOS = YES_AGGRESSIVE;
				GCC_WARN_UNUSED_FUNCTION = YES;
				GCC_WARN_UNUSED_VARIABLE = YES;
				INFOPLIST_FILE = "AspirinKit iOS Tests/Info.plist";
				IPHONEOS_DEPLOYMENT_TARGET = 10.2;
				LD_RUNPATH_SEARCH_PATHS = "$(inherited) @executable_path/Frameworks @loader_path/Frameworks";
				MTL_ENABLE_DEBUG_INFO = NO;
				PRODUCT_BUNDLE_IDENTIFIER = "com.webelectric.AspirinKit-iOS-Tests";
				PRODUCT_NAME = "$(TARGET_NAME)";
				SDKROOT = iphoneos;
				SWIFT_OPTIMIZATION_LEVEL = "-Owholemodule";
				SWIFT_VERSION = 3.0;
				VALIDATE_PRODUCT = YES;
			};
			name = Release;
		};
/* End XCBuildConfiguration section */

/* Begin XCConfigurationList section */
		F16DCBA01E3A776D0090591F /* Build configuration list for PBXProject "AspirinKit" */ = {
			isa = XCConfigurationList;
			buildConfigurations = (
				F16DCBA11E3A776D0090591F /* Debug */,
				F16DCBA21E3A776D0090591F /* Release */,
			);
			defaultConfigurationIsVisible = 0;
			defaultConfigurationName = Release;
		};
		F16DCBAE1E3A779E0090591F /* Build configuration list for PBXNativeTarget "AspirinKit iOS" */ = {
			isa = XCConfigurationList;
			buildConfigurations = (
				F16DCBAF1E3A779E0090591F /* Debug */,
				F16DCBB01E3A779E0090591F /* Release */,
			);
			defaultConfigurationIsVisible = 0;
			defaultConfigurationName = Release;
		};
		F16DCBBB1E3A77D60090591F /* Build configuration list for PBXNativeTarget "AspirinKit watchOS" */ = {
			isa = XCConfigurationList;
			buildConfigurations = (
				F16DCBBC1E3A77D60090591F /* Debug */,
				F16DCBBD1E3A77D60090591F /* Release */,
			);
			defaultConfigurationIsVisible = 0;
			defaultConfigurationName = Release;
		};
		F16DCBC81E3A77E50090591F /* Build configuration list for PBXNativeTarget "AspirinKit tvOS" */ = {
			isa = XCConfigurationList;
			buildConfigurations = (
				F16DCBC91E3A77E50090591F /* Debug */,
				F16DCBCA1E3A77E50090591F /* Release */,
			);
			defaultConfigurationIsVisible = 0;
			defaultConfigurationName = Release;
		};
		F16DCBD51E3A77F30090591F /* Build configuration list for PBXNativeTarget "AspirinKit macOS" */ = {
			isa = XCConfigurationList;
			buildConfigurations = (
				F16DCBD61E3A77F30090591F /* Debug */,
				F16DCBD71E3A77F30090591F /* Release */,
			);
			defaultConfigurationIsVisible = 0;
			defaultConfigurationName = Release;
		};
		F16DCC071E3A7ED70090591F /* Build configuration list for PBXNativeTarget "AspirinKit iOS Tests" */ = {
			isa = XCConfigurationList;
			buildConfigurations = (
				F16DCC051E3A7ED70090591F /* Debug */,
				F16DCC061E3A7ED70090591F /* Release */,
			);
			defaultConfigurationIsVisible = 0;
			defaultConfigurationName = Release;
		};
/* End XCConfigurationList section */
	};
	rootObject = F16DCB9D1E3A776D0090591F /* Project object */;
}
